// !$*UTF8*$!
{
	archiveVersion = 1;
	classes = {
	};
	objectVersion = 56;
	objects = {

/* Begin PBXBuildFile section */
		1B2DEAAA2D1EAB9A0034C942 /* Figo_Alessandro_Lehman_EBuddy_AssignmentApp.swift in Sources */ = {isa = PBXBuildFile; fileRef = 1B43B7102D1E76D200F671BB /* Figo_Alessandro_Lehman_EBuddy_AssignmentApp.swift */; };
		1B2DEAD92D1EAEDF0034C942 /* GoogleService-Info.plist in Resources */ = {isa = PBXBuildFile; fileRef = 1B2DEAAB2D1EAE790034C942 /* GoogleService-Info.plist */; };
		1B2DEADA2D1EAEE20034C942 /* Figo_Alessandro_Lehman_EBuddy_AssignmentApp.swift in Sources */ = {isa = PBXBuildFile; fileRef = 1B43B7102D1E76D200F671BB /* Figo_Alessandro_Lehman_EBuddy_AssignmentApp.swift */; };
		1B2DEADB2D1EAEE50034C942 /* AppDelegate.swift in Sources */ = {isa = PBXBuildFile; fileRef = 1B43B7242D1E781C00F671BB /* AppDelegate.swift */; };
		1B2DEADC2D1EAEE80034C942 /* UserListView.swift in Sources */ = {isa = PBXBuildFile; fileRef = 1B43B7122D1E76D200F671BB /* UserListView.swift */; };
		1B2DEADD2D1EAEEB0034C942 /* Assets.xcassets in Resources */ = {isa = PBXBuildFile; fileRef = 1B43B7142D1E76D300F671BB /* Assets.xcassets */; };
		1B2DEADE2D1EAEEE0034C942 /* Preview Assets.xcassets in Resources */ = {isa = PBXBuildFile; fileRef = 1B43B7172D1E76D300F671BB /* Preview Assets.xcassets */; };
		1B2DEAE02D1EB03F0034C942 /* FirebaseCore in Frameworks */ = {isa = PBXBuildFile; productRef = 1B2DEADF2D1EB03F0034C942 /* FirebaseCore */; };
		1B2DEAE22D1EB0450034C942 /* FirebaseAuth in Frameworks */ = {isa = PBXBuildFile; productRef = 1B2DEAE12D1EB0450034C942 /* FirebaseAuth */; };
		1B2DEAE42D1EB0490034C942 /* FirebaseFirestore in Frameworks */ = {isa = PBXBuildFile; productRef = 1B2DEAE32D1EB0490034C942 /* FirebaseFirestore */; };
		1B2DEAE62D1EB04D0034C942 /* FirebaseStorage in Frameworks */ = {isa = PBXBuildFile; productRef = 1B2DEAE52D1EB04D0034C942 /* FirebaseStorage */; };
		1B2DEAEB2D1EB7560034C942 /* UserJSON.swift in Sources */ = {isa = PBXBuildFile; fileRef = 1B2DEAEA2D1EB7560034C942 /* UserJSON.swift */; };
		1B2DEAEC2D1EB7560034C942 /* UserJSON.swift in Sources */ = {isa = PBXBuildFile; fileRef = 1B2DEAEA2D1EB7560034C942 /* UserJSON.swift */; };
		1B2DEAED2D1EB7560034C942 /* UserJSON.swift in Sources */ = {isa = PBXBuildFile; fileRef = 1B2DEAEA2D1EB7560034C942 /* UserJSON.swift */; };
		1B2DEAF12D1EBF8F0034C942 /* UserRepository.swift in Sources */ = {isa = PBXBuildFile; fileRef = 1B2DEAF02D1EBF8F0034C942 /* UserRepository.swift */; };
		1B2DEAF22D1EBF8F0034C942 /* UserRepository.swift in Sources */ = {isa = PBXBuildFile; fileRef = 1B2DEAF02D1EBF8F0034C942 /* UserRepository.swift */; };
		1B2DEAF32D1EBF8F0034C942 /* UserRepository.swift in Sources */ = {isa = PBXBuildFile; fileRef = 1B2DEAF02D1EBF8F0034C942 /* UserRepository.swift */; };
		1B2DEAF52D1EBFA20034C942 /* UserUseCase.swift in Sources */ = {isa = PBXBuildFile; fileRef = 1B2DEAF42D1EBFA20034C942 /* UserUseCase.swift */; };
		1B2DEAF62D1EBFA20034C942 /* UserUseCase.swift in Sources */ = {isa = PBXBuildFile; fileRef = 1B2DEAF42D1EBFA20034C942 /* UserUseCase.swift */; };
		1B2DEAF72D1EBFA20034C942 /* UserUseCase.swift in Sources */ = {isa = PBXBuildFile; fileRef = 1B2DEAF42D1EBFA20034C942 /* UserUseCase.swift */; };
		1B2DEAFA2D1EC0B20034C942 /* FirestoreDB.swift in Sources */ = {isa = PBXBuildFile; fileRef = 1B2DEAF92D1EC0B20034C942 /* FirestoreDB.swift */; };
		1B2DEAFB2D1EC0B20034C942 /* FirestoreDB.swift in Sources */ = {isa = PBXBuildFile; fileRef = 1B2DEAF92D1EC0B20034C942 /* FirestoreDB.swift */; };
		1B2DEAFC2D1EC0B20034C942 /* FirestoreDB.swift in Sources */ = {isa = PBXBuildFile; fileRef = 1B2DEAF92D1EC0B20034C942 /* FirestoreDB.swift */; };
		1B2DEB012D1F226E0034C942 /* UserViewModel.swift in Sources */ = {isa = PBXBuildFile; fileRef = 1B2DEB002D1F226E0034C942 /* UserViewModel.swift */; };
		1B2DEB022D1F226E0034C942 /* UserViewModel.swift in Sources */ = {isa = PBXBuildFile; fileRef = 1B2DEB002D1F226E0034C942 /* UserViewModel.swift */; };
		1B2DEB032D1F226E0034C942 /* UserViewModel.swift in Sources */ = {isa = PBXBuildFile; fileRef = 1B2DEB002D1F226E0034C942 /* UserViewModel.swift */; };
		1B2DEB062D1F25A00034C942 /* User.swift in Sources */ = {isa = PBXBuildFile; fileRef = 1B2DEB052D1F25A00034C942 /* User.swift */; };
		1B2DEB072D1F25A00034C942 /* User.swift in Sources */ = {isa = PBXBuildFile; fileRef = 1B2DEB052D1F25A00034C942 /* User.swift */; };
		1B2DEB082D1F25A00034C942 /* User.swift in Sources */ = {isa = PBXBuildFile; fileRef = 1B2DEB052D1F25A00034C942 /* User.swift */; };
		1B43B7132D1E76D200F671BB /* UserListView.swift in Sources */ = {isa = PBXBuildFile; fileRef = 1B43B7122D1E76D200F671BB /* UserListView.swift */; };
		1B43B7152D1E76D300F671BB /* Assets.xcassets in Resources */ = {isa = PBXBuildFile; fileRef = 1B43B7142D1E76D300F671BB /* Assets.xcassets */; };
		1B43B7182D1E76D300F671BB /* Preview Assets.xcassets in Resources */ = {isa = PBXBuildFile; fileRef = 1B43B7172D1E76D300F671BB /* Preview Assets.xcassets */; };
		1B43B7252D1E781C00F671BB /* AppDelegate.swift in Sources */ = {isa = PBXBuildFile; fileRef = 1B43B7242D1E781C00F671BB /* AppDelegate.swift */; };
		1B43B7282D1E794B00F671BB /* FirebaseAuth in Frameworks */ = {isa = PBXBuildFile; productRef = 1B43B7272D1E794B00F671BB /* FirebaseAuth */; };
		1B43B72A2D1E794B00F671BB /* FirebaseFirestore in Frameworks */ = {isa = PBXBuildFile; productRef = 1B43B7292D1E794B00F671BB /* FirebaseFirestore */; };
		1B43B72C2D1E794B00F671BB /* FirebaseStorage in Frameworks */ = {isa = PBXBuildFile; productRef = 1B43B72B2D1E794B00F671BB /* FirebaseStorage */; };
		1B43B7302D1E7D4200F671BB /* FirebaseCore in Frameworks */ = {isa = PBXBuildFile; productRef = 1B43B72F2D1E7D4200F671BB /* FirebaseCore */; };
		1B5696512D1EA7EC00311782 /* AppDelegate.swift in Sources */ = {isa = PBXBuildFile; fileRef = 1B43B7242D1E781C00F671BB /* AppDelegate.swift */; };
		1B5696532D1EA8B100311782 /* FirebaseAuth in Frameworks */ = {isa = PBXBuildFile; productRef = 1B5696522D1EA8B100311782 /* FirebaseAuth */; };
		1B5696552D1EA8B600311782 /* FirebaseFirestore in Frameworks */ = {isa = PBXBuildFile; productRef = 1B5696542D1EA8B600311782 /* FirebaseFirestore */; };
		1B5696572D1EA8BC00311782 /* FirebaseStorage in Frameworks */ = {isa = PBXBuildFile; productRef = 1B5696562D1EA8BC00311782 /* FirebaseStorage */; };
		1B5696592D1EA8C700311782 /* FirebaseCore in Frameworks */ = {isa = PBXBuildFile; productRef = 1B5696582D1EA8C700311782 /* FirebaseCore */; };
		1BBD81972D1EA10700D24925 /* Figo_Alessandro_Lehman_EBuddy_AssignmentApp.swift in Sources */ = {isa = PBXBuildFile; fileRef = 1B43B7102D1E76D200F671BB /* Figo_Alessandro_Lehman_EBuddy_AssignmentApp.swift */; };
		1BBD81982D1EA10B00D24925 /* UserListView.swift in Sources */ = {isa = PBXBuildFile; fileRef = 1B43B7122D1E76D200F671BB /* UserListView.swift */; };
		1BBD819A2D1EA3BB00D24925 /* GoogleService-Info.plist in Resources */ = {isa = PBXBuildFile; fileRef = 1BBD81992D1EA3BB00D24925 /* GoogleService-Info.plist */; };
		1BBD819B2D1EA3E000D24925 /* Assets.xcassets in Resources */ = {isa = PBXBuildFile; fileRef = 1B43B7142D1E76D300F671BB /* Assets.xcassets */; };
		1BBD819C2D1EA3E300D24925 /* Preview Assets.xcassets in Resources */ = {isa = PBXBuildFile; fileRef = 1B43B7172D1E76D300F671BB /* Preview Assets.xcassets */; };
		1BBD819E2D1EA62500D24925 /* GoogleService-Info.plist in Resources */ = {isa = PBXBuildFile; fileRef = 1B43B71E2D1E77A500F671BB /* GoogleService-Info.plist */; };
/* End PBXBuildFile section */

/* Begin PBXFileReference section */
		1B2DEAAB2D1EAE790034C942 /* GoogleService-Info.plist */ = {isa = PBXFileReference; lastKnownFileType = text.plist.xml; path = "GoogleService-Info.plist"; sourceTree = "<group>"; };
		1B2DEAC72D1EAED10034C942 /* Figo-Alessandro-Lehman-EBuddy-Assignment-Staging.app */ = {isa = PBXFileReference; explicitFileType = wrapper.application; includeInIndex = 0; path = "Figo-Alessandro-Lehman-EBuddy-Assignment-Staging.app"; sourceTree = BUILT_PRODUCTS_DIR; };
		1B2DEAEA2D1EB7560034C942 /* UserJSON.swift */ = {isa = PBXFileReference; lastKnownFileType = sourcecode.swift; path = UserJSON.swift; sourceTree = "<group>"; };
		1B2DEAF02D1EBF8F0034C942 /* UserRepository.swift */ = {isa = PBXFileReference; lastKnownFileType = sourcecode.swift; path = UserRepository.swift; sourceTree = "<group>"; };
		1B2DEAF42D1EBFA20034C942 /* UserUseCase.swift */ = {isa = PBXFileReference; lastKnownFileType = sourcecode.swift; path = UserUseCase.swift; sourceTree = "<group>"; };
		1B2DEAF92D1EC0B20034C942 /* FirestoreDB.swift */ = {isa = PBXFileReference; lastKnownFileType = sourcecode.swift; path = FirestoreDB.swift; sourceTree = "<group>"; };
		1B2DEB002D1F226E0034C942 /* UserViewModel.swift */ = {isa = PBXFileReference; lastKnownFileType = sourcecode.swift; path = UserViewModel.swift; sourceTree = "<group>"; };
		1B2DEB052D1F25A00034C942 /* User.swift */ = {isa = PBXFileReference; lastKnownFileType = sourcecode.swift; path = User.swift; sourceTree = "<group>"; };
		1B43B70D2D1E76D200F671BB /* Figo Alessandro Lehman-EBuddy Assignment.app */ = {isa = PBXFileReference; explicitFileType = wrapper.application; includeInIndex = 0; path = "Figo Alessandro Lehman-EBuddy Assignment.app"; sourceTree = BUILT_PRODUCTS_DIR; };
		1B43B7102D1E76D200F671BB /* Figo_Alessandro_Lehman_EBuddy_AssignmentApp.swift */ = {isa = PBXFileReference; lastKnownFileType = sourcecode.swift; path = Figo_Alessandro_Lehman_EBuddy_AssignmentApp.swift; sourceTree = "<group>"; };
		1B43B7122D1E76D200F671BB /* UserListView.swift */ = {isa = PBXFileReference; lastKnownFileType = sourcecode.swift; path = UserListView.swift; sourceTree = "<group>"; };
		1B43B7142D1E76D300F671BB /* Assets.xcassets */ = {isa = PBXFileReference; lastKnownFileType = folder.assetcatalog; path = Assets.xcassets; sourceTree = "<group>"; };
		1B43B7172D1E76D300F671BB /* Preview Assets.xcassets */ = {isa = PBXFileReference; lastKnownFileType = folder.assetcatalog; path = "Preview Assets.xcassets"; sourceTree = "<group>"; };
		1B43B71E2D1E77A500F671BB /* GoogleService-Info.plist */ = {isa = PBXFileReference; fileEncoding = 4; lastKnownFileType = text.plist.xml; path = "GoogleService-Info.plist"; sourceTree = "<group>"; };
		1B43B7242D1E781C00F671BB /* AppDelegate.swift */ = {isa = PBXFileReference; lastKnownFileType = sourcecode.swift; path = AppDelegate.swift; sourceTree = "<group>"; };
		1BBD81852D1E9FDB00D24925 /* Figo Alessandro Lehman-EBuddy Assignment-Development.app */ = {isa = PBXFileReference; explicitFileType = wrapper.application; includeInIndex = 0; path = "Figo Alessandro Lehman-EBuddy Assignment-Development.app"; sourceTree = BUILT_PRODUCTS_DIR; };
		1BBD81992D1EA3BB00D24925 /* GoogleService-Info.plist */ = {isa = PBXFileReference; fileEncoding = 4; lastKnownFileType = text.plist.xml; path = "GoogleService-Info.plist"; sourceTree = "<group>"; };
/* End PBXFileReference section */

/* Begin PBXFrameworksBuildPhase section */
		1B2DEAC42D1EAED00034C942 /* Frameworks */ = {
			isa = PBXFrameworksBuildPhase;
			buildActionMask = 2147483647;
			files = (
				1B2DEAE02D1EB03F0034C942 /* FirebaseCore in Frameworks */,
				1B2DEAE62D1EB04D0034C942 /* FirebaseStorage in Frameworks */,
				1B2DEAE22D1EB0450034C942 /* FirebaseAuth in Frameworks */,
				1B2DEAE42D1EB0490034C942 /* FirebaseFirestore in Frameworks */,
			);
			runOnlyForDeploymentPostprocessing = 0;
		};
		1B43B70A2D1E76D200F671BB /* Frameworks */ = {
			isa = PBXFrameworksBuildPhase;
			buildActionMask = 2147483647;
			files = (
				1B43B7282D1E794B00F671BB /* FirebaseAuth in Frameworks */,
				1B43B72A2D1E794B00F671BB /* FirebaseFirestore in Frameworks */,
				1B43B7302D1E7D4200F671BB /* FirebaseCore in Frameworks */,
				1B43B72C2D1E794B00F671BB /* FirebaseStorage in Frameworks */,
			);
			runOnlyForDeploymentPostprocessing = 0;
		};
		1BBD81822D1E9FDB00D24925 /* Frameworks */ = {
			isa = PBXFrameworksBuildPhase;
			buildActionMask = 2147483647;
			files = (
				1B5696532D1EA8B100311782 /* FirebaseAuth in Frameworks */,
				1B5696552D1EA8B600311782 /* FirebaseFirestore in Frameworks */,
				1B5696592D1EA8C700311782 /* FirebaseCore in Frameworks */,
				1B5696572D1EA8BC00311782 /* FirebaseStorage in Frameworks */,
			);
			runOnlyForDeploymentPostprocessing = 0;
		};
/* End PBXFrameworksBuildPhase section */

/* Begin PBXGroup section */
		1B2DEAE72D1EB6BA0034C942 /* Domain */ = {
			isa = PBXGroup;
			children = (
				1B2DEB042D1F24AF0034C942 /* Model */,
				1B2DEAEF2D1EBF770034C942 /* UseCases */,
			);
			path = Domain;
			sourceTree = "<group>";
		};
		1B2DEAE82D1EB6BE0034C942 /* Data */ = {
			isa = PBXGroup;
			children = (
				1B2DEAF82D1EC09B0034C942 /* Utils */,
				1B2DEAEE2D1EBEE20034C942 /* Repositories */,
				1B2DEAE92D1EB6C90034C942 /* Entities */,
			);
			path = Data;
			sourceTree = "<group>";
		};
		1B2DEAE92D1EB6C90034C942 /* Entities */ = {
			isa = PBXGroup;
			children = (
				1B2DEAEA2D1EB7560034C942 /* UserJSON.swift */,
			);
			path = Entities;
			sourceTree = "<group>";
		};
		1B2DEAEE2D1EBEE20034C942 /* Repositories */ = {
			isa = PBXGroup;
			children = (
				1B2DEAF02D1EBF8F0034C942 /* UserRepository.swift */,
			);
			path = Repositories;
			sourceTree = "<group>";
		};
		1B2DEAEF2D1EBF770034C942 /* UseCases */ = {
			isa = PBXGroup;
			children = (
				1B2DEAF42D1EBFA20034C942 /* UserUseCase.swift */,
			);
			path = UseCases;
			sourceTree = "<group>";
		};
		1B2DEAF82D1EC09B0034C942 /* Utils */ = {
			isa = PBXGroup;
			children = (
				1B2DEAF92D1EC0B20034C942 /* FirestoreDB.swift */,
			);
			path = Utils;
			sourceTree = "<group>";
		};
		1B2DEAFD2D1F15D40034C942 /* User */ = {
			isa = PBXGroup;
			children = (
				1B2DEAFF2D1F15F70034C942 /* ViewModels */,
				1B2DEAFE2D1F15F40034C942 /* Views */,
			);
			path = User;
			sourceTree = "<group>";
		};
		1B2DEAFE2D1F15F40034C942 /* Views */ = {
			isa = PBXGroup;
			children = (
				1B43B7122D1E76D200F671BB /* UserListView.swift */,
			);
			path = Views;
			sourceTree = "<group>";
		};
		1B2DEAFF2D1F15F70034C942 /* ViewModels */ = {
			isa = PBXGroup;
			children = (
				1B2DEB002D1F226E0034C942 /* UserViewModel.swift */,
			);
			path = ViewModels;
			sourceTree = "<group>";
		};
		1B2DEB042D1F24AF0034C942 /* Model */ = {
			isa = PBXGroup;
			children = (
				1B2DEB052D1F25A00034C942 /* User.swift */,
			);
			path = Model;
			sourceTree = "<group>";
		};
		1B43B7042D1E76D200F671BB = {
			isa = PBXGroup;
			children = (
				1B43B70F2D1E76D200F671BB /* Figo Alessandro Lehman-EBuddy Assignment */,
				1B43B70E2D1E76D200F671BB /* Products */,
				1B43B72E2D1E7D4200F671BB /* Frameworks */,
			);
			sourceTree = "<group>";
		};
		1B43B70E2D1E76D200F671BB /* Products */ = {
			isa = PBXGroup;
			children = (
				1B43B70D2D1E76D200F671BB /* Figo Alessandro Lehman-EBuddy Assignment.app */,
				1BBD81852D1E9FDB00D24925 /* Figo Alessandro Lehman-EBuddy Assignment-Development.app */,
				1B2DEAC72D1EAED10034C942 /* Figo-Alessandro-Lehman-EBuddy-Assignment-Staging.app */,
			);
			name = Products;
			sourceTree = "<group>";
		};
		1B43B70F2D1E76D200F671BB /* Figo Alessandro Lehman-EBuddy Assignment */ = {
			isa = PBXGroup;
			children = (
				1B2DEAE82D1EB6BE0034C942 /* Data */,
				1B2DEAE72D1EB6BA0034C942 /* Domain */,
				1B43B72D2D1E7CA800F671BB /* Resources */,
				1B43B7232D1E781500F671BB /* Main */,
				1B43B7222D1E77F800F671BB /* Extensions */,
				1B43B7212D1E77F200F671BB /* Utils */,
				1B43B7202D1E77EE00F671BB /* Features */,
				1B43B7142D1E76D300F671BB /* Assets.xcassets */,
				1B43B7162D1E76D300F671BB /* Preview Content */,
			);
			path = "Figo Alessandro Lehman-EBuddy Assignment";
			sourceTree = "<group>";
		};
		1B43B7162D1E76D300F671BB /* Preview Content */ = {
			isa = PBXGroup;
			children = (
				1B43B7172D1E76D300F671BB /* Preview Assets.xcassets */,
			);
			path = "Preview Content";
			sourceTree = "<group>";
		};
		1B43B7202D1E77EE00F671BB /* Features */ = {
			isa = PBXGroup;
			children = (
				1B2DEAFD2D1F15D40034C942 /* User */,
			);
			path = Features;
			sourceTree = "<group>";
		};
		1B43B7212D1E77F200F671BB /* Utils */ = {
			isa = PBXGroup;
			children = (
			);
			path = Utils;
			sourceTree = "<group>";
		};
		1B43B7222D1E77F800F671BB /* Extensions */ = {
			isa = PBXGroup;
			children = (
			);
			path = Extensions;
			sourceTree = "<group>";
		};
		1B43B7232D1E781500F671BB /* Main */ = {
			isa = PBXGroup;
			children = (
				1B43B7102D1E76D200F671BB /* Figo_Alessandro_Lehman_EBuddy_AssignmentApp.swift */,
				1B43B7242D1E781C00F671BB /* AppDelegate.swift */,
			);
			path = Main;
			sourceTree = "<group>";
		};
		1B43B72D2D1E7CA800F671BB /* Resources */ = {
			isa = PBXGroup;
			children = (
				1B43B7312D1E7F9200F671BB /* Plist */,
			);
			path = Resources;
			sourceTree = "<group>";
		};
		1B43B72E2D1E7D4200F671BB /* Frameworks */ = {
			isa = PBXGroup;
			children = (
			);
			name = Frameworks;
			sourceTree = "<group>";
		};
		1B43B7312D1E7F9200F671BB /* Plist */ = {
			isa = PBXGroup;
			children = (
				1BBD81802D1E9CB400D24925 /* Staging */,
				1BBD817F2D1E9CB200D24925 /* Dev */,
				1BBD817E2D1E9CAB00D24925 /* Prod */,
			);
			path = Plist;
			sourceTree = "<group>";
		};
		1BBD817E2D1E9CAB00D24925 /* Prod */ = {
			isa = PBXGroup;
			children = (
				1B43B71E2D1E77A500F671BB /* GoogleService-Info.plist */,
			);
			path = Prod;
			sourceTree = "<group>";
		};
		1BBD817F2D1E9CB200D24925 /* Dev */ = {
			isa = PBXGroup;
			children = (
				1BBD81992D1EA3BB00D24925 /* GoogleService-Info.plist */,
			);
			path = Dev;
			sourceTree = "<group>";
		};
		1BBD81802D1E9CB400D24925 /* Staging */ = {
			isa = PBXGroup;
			children = (
				1B2DEAAB2D1EAE790034C942 /* GoogleService-Info.plist */,
			);
			path = Staging;
			sourceTree = "<group>";
		};
/* End PBXGroup section */

/* Begin PBXNativeTarget section */
		1B2DEAC62D1EAED00034C942 /* Figo-Alessandro-Lehman-EBuddy-Assignment-Staging */ = {
			isa = PBXNativeTarget;
			buildConfigurationList = 1B2DEAD22D1EAED10034C942 /* Build configuration list for PBXNativeTarget "Figo-Alessandro-Lehman-EBuddy-Assignment-Staging" */;
			buildPhases = (
				1B2DEAC32D1EAED00034C942 /* Sources */,
				1B2DEAC42D1EAED00034C942 /* Frameworks */,
				1B2DEAC52D1EAED00034C942 /* Resources */,
			);
			buildRules = (
			);
			dependencies = (
			);
			name = "Figo-Alessandro-Lehman-EBuddy-Assignment-Staging";
			packageProductDependencies = (
				1B2DEADF2D1EB03F0034C942 /* FirebaseCore */,
				1B2DEAE12D1EB0450034C942 /* FirebaseAuth */,
				1B2DEAE32D1EB0490034C942 /* FirebaseFirestore */,
				1B2DEAE52D1EB04D0034C942 /* FirebaseStorage */,
			);
			productName = "Figo-Alessandro-Lehman-EBuddy-Assignment-Staging";
			productReference = 1B2DEAC72D1EAED10034C942 /* Figo-Alessandro-Lehman-EBuddy-Assignment-Staging.app */;
			productType = "com.apple.product-type.application";
		};
		1B43B70C2D1E76D200F671BB /* Figo Alessandro Lehman-EBuddy Assignment */ = {
			isa = PBXNativeTarget;
			buildConfigurationList = 1B43B71B2D1E76D300F671BB /* Build configuration list for PBXNativeTarget "Figo Alessandro Lehman-EBuddy Assignment" */;
			buildPhases = (
				1B43B7092D1E76D200F671BB /* Sources */,
				1B43B70A2D1E76D200F671BB /* Frameworks */,
				1B43B70B2D1E76D200F671BB /* Resources */,
			);
			buildRules = (
			);
			dependencies = (
			);
			name = "Figo Alessandro Lehman-EBuddy Assignment";
			packageProductDependencies = (
				1B43B7272D1E794B00F671BB /* FirebaseAuth */,
				1B43B7292D1E794B00F671BB /* FirebaseFirestore */,
				1B43B72B2D1E794B00F671BB /* FirebaseStorage */,
				1B43B72F2D1E7D4200F671BB /* FirebaseCore */,
			);
			productName = "Figo Alessandro Lehman-EBuddy Assignment";
			productReference = 1B43B70D2D1E76D200F671BB /* Figo Alessandro Lehman-EBuddy Assignment.app */;
			productType = "com.apple.product-type.application";
		};
		1BBD81842D1E9FDB00D24925 /* Figo Alessandro Lehman-EBuddy Assignment-Development */ = {
			isa = PBXNativeTarget;
			buildConfigurationList = 1BBD81902D1E9FDC00D24925 /* Build configuration list for PBXNativeTarget "Figo Alessandro Lehman-EBuddy Assignment-Development" */;
			buildPhases = (
				1BBD81812D1E9FDB00D24925 /* Sources */,
				1BBD81822D1E9FDB00D24925 /* Frameworks */,
				1BBD81832D1E9FDB00D24925 /* Resources */,
			);
			buildRules = (
			);
			dependencies = (
			);
			name = "Figo Alessandro Lehman-EBuddy Assignment-Development";
			packageProductDependencies = (
				1B5696522D1EA8B100311782 /* FirebaseAuth */,
				1B5696542D1EA8B600311782 /* FirebaseFirestore */,
				1B5696562D1EA8BC00311782 /* FirebaseStorage */,
				1B5696582D1EA8C700311782 /* FirebaseCore */,
			);
			productName = "Figo Alessandro Lehman-EBuddy Assignment-Development";
			productReference = 1BBD81852D1E9FDB00D24925 /* Figo Alessandro Lehman-EBuddy Assignment-Development.app */;
			productType = "com.apple.product-type.application";
		};
/* End PBXNativeTarget section */

/* Begin PBXProject section */
		1B43B7052D1E76D200F671BB /* Project object */ = {
			isa = PBXProject;
			attributes = {
				BuildIndependentTargetsInParallel = 1;
				LastSwiftUpdateCheck = 1540;
				LastUpgradeCheck = 1540;
				TargetAttributes = {
					1B2DEAC62D1EAED00034C942 = {
						CreatedOnToolsVersion = 15.4;
					};
					1B43B70C2D1E76D200F671BB = {
						CreatedOnToolsVersion = 15.4;
					};
					1BBD81842D1E9FDB00D24925 = {
						CreatedOnToolsVersion = 15.4;
					};
				};
			};
			buildConfigurationList = 1B43B7082D1E76D200F671BB /* Build configuration list for PBXProject "Figo Alessandro Lehman-EBuddy Assignment" */;
			compatibilityVersion = "Xcode 14.0";
			developmentRegion = en;
			hasScannedForEncodings = 0;
			knownRegions = (
				en,
				Base,
			);
			mainGroup = 1B43B7042D1E76D200F671BB;
			packageReferences = (
				1B43B7262D1E794A00F671BB /* XCRemoteSwiftPackageReference "firebase-ios-sdk" */,
			);
			productRefGroup = 1B43B70E2D1E76D200F671BB /* Products */;
			projectDirPath = "";
			projectRoot = "";
			targets = (
				1B43B70C2D1E76D200F671BB /* Figo Alessandro Lehman-EBuddy Assignment */,
				1BBD81842D1E9FDB00D24925 /* Figo Alessandro Lehman-EBuddy Assignment-Development */,
				1B2DEAC62D1EAED00034C942 /* Figo-Alessandro-Lehman-EBuddy-Assignment-Staging */,
			);
		};
/* End PBXProject section */

/* Begin PBXResourcesBuildPhase section */
		1B2DEAC52D1EAED00034C942 /* Resources */ = {
			isa = PBXResourcesBuildPhase;
			buildActionMask = 2147483647;
			files = (
				1B2DEADE2D1EAEEE0034C942 /* Preview Assets.xcassets in Resources */,
				1B2DEADD2D1EAEEB0034C942 /* Assets.xcassets in Resources */,
				1B2DEAD92D1EAEDF0034C942 /* GoogleService-Info.plist in Resources */,
			);
			runOnlyForDeploymentPostprocessing = 0;
		};
		1B43B70B2D1E76D200F671BB /* Resources */ = {
			isa = PBXResourcesBuildPhase;
			buildActionMask = 2147483647;
			files = (
				1B43B7182D1E76D300F671BB /* Preview Assets.xcassets in Resources */,
				1B43B7152D1E76D300F671BB /* Assets.xcassets in Resources */,
				1BBD819E2D1EA62500D24925 /* GoogleService-Info.plist in Resources */,
			);
			runOnlyForDeploymentPostprocessing = 0;
		};
		1BBD81832D1E9FDB00D24925 /* Resources */ = {
			isa = PBXResourcesBuildPhase;
			buildActionMask = 2147483647;
			files = (
				1BBD819C2D1EA3E300D24925 /* Preview Assets.xcassets in Resources */,
				1BBD819B2D1EA3E000D24925 /* Assets.xcassets in Resources */,
				1BBD819A2D1EA3BB00D24925 /* GoogleService-Info.plist in Resources */,
			);
			runOnlyForDeploymentPostprocessing = 0;
		};
/* End PBXResourcesBuildPhase section */

/* Begin PBXSourcesBuildPhase section */
		1B2DEAC32D1EAED00034C942 /* Sources */ = {
			isa = PBXSourcesBuildPhase;
			buildActionMask = 2147483647;
			files = (
				1B2DEAED2D1EB7560034C942 /* UserJSON.swift in Sources */,
				1B2DEB032D1F226E0034C942 /* UserViewModel.swift in Sources */,
				1B2DEADB2D1EAEE50034C942 /* AppDelegate.swift in Sources */,
				1B2DEAF72D1EBFA20034C942 /* UserUseCase.swift in Sources */,
				1B2DEADC2D1EAEE80034C942 /* UserListView.swift in Sources */,
				1B2DEB082D1F25A00034C942 /* User.swift in Sources */,
				1B2DEAF32D1EBF8F0034C942 /* UserRepository.swift in Sources */,
				1B2DEADA2D1EAEE20034C942 /* Figo_Alessandro_Lehman_EBuddy_AssignmentApp.swift in Sources */,
				1B2DEAFC2D1EC0B20034C942 /* FirestoreDB.swift in Sources */,
			);
			runOnlyForDeploymentPostprocessing = 0;
		};
		1B43B7092D1E76D200F671BB /* Sources */ = {
			isa = PBXSourcesBuildPhase;
			buildActionMask = 2147483647;
			files = (
				1B2DEAEB2D1EB7560034C942 /* UserJSON.swift in Sources */,
				1B2DEB012D1F226E0034C942 /* UserViewModel.swift in Sources */,
				1B2DEAAA2D1EAB9A0034C942 /* Figo_Alessandro_Lehman_EBuddy_AssignmentApp.swift in Sources */,
				1B2DEAF52D1EBFA20034C942 /* UserUseCase.swift in Sources */,
				1B43B7252D1E781C00F671BB /* AppDelegate.swift in Sources */,
				1B2DEB062D1F25A00034C942 /* User.swift in Sources */,
				1B2DEAF12D1EBF8F0034C942 /* UserRepository.swift in Sources */,
				1B43B7132D1E76D200F671BB /* UserListView.swift in Sources */,
				1B2DEAFA2D1EC0B20034C942 /* FirestoreDB.swift in Sources */,
			);
			runOnlyForDeploymentPostprocessing = 0;
		};
		1BBD81812D1E9FDB00D24925 /* Sources */ = {
			isa = PBXSourcesBuildPhase;
			buildActionMask = 2147483647;
			files = (
				1B2DEAEC2D1EB7560034C942 /* UserJSON.swift in Sources */,
				1B2DEB022D1F226E0034C942 /* UserViewModel.swift in Sources */,
				1B5696512D1EA7EC00311782 /* AppDelegate.swift in Sources */,
				1B2DEAF62D1EBFA20034C942 /* UserUseCase.swift in Sources */,
				1BBD81982D1EA10B00D24925 /* UserListView.swift in Sources */,
				1B2DEB072D1F25A00034C942 /* User.swift in Sources */,
				1B2DEAF22D1EBF8F0034C942 /* UserRepository.swift in Sources */,
				1BBD81972D1EA10700D24925 /* Figo_Alessandro_Lehman_EBuddy_AssignmentApp.swift in Sources */,
				1B2DEAFB2D1EC0B20034C942 /* FirestoreDB.swift in Sources */,
			);
			runOnlyForDeploymentPostprocessing = 0;
		};
/* End PBXSourcesBuildPhase section */

/* Begin XCBuildConfiguration section */
		1B2DEAD32D1EAED10034C942 /* Debug */ = {
			isa = XCBuildConfiguration;
			buildSettings = {
				ALWAYS_SEARCH_USER_PATHS = NO;
				ASSETCATALOG_COMPILER_APPICON_NAME = AppIcon;
				ASSETCATALOG_COMPILER_GENERATE_SWIFT_ASSET_SYMBOL_EXTENSIONS = YES;
				ASSETCATALOG_COMPILER_GLOBAL_ACCENT_COLOR_NAME = AccentColor;
				CLANG_ANALYZER_NONNULL = YES;
				CLANG_ANALYZER_NUMBER_OBJECT_CONVERSION = YES_AGGRESSIVE;
				CLANG_CXX_LANGUAGE_STANDARD = "gnu++20";
				CLANG_ENABLE_MODULES = YES;
				CLANG_ENABLE_OBJC_ARC = YES;
				CLANG_ENABLE_OBJC_WEAK = YES;
				CLANG_WARN_BLOCK_CAPTURE_AUTORELEASING = YES;
				CLANG_WARN_BOOL_CONVERSION = YES;
				CLANG_WARN_COMMA = YES;
				CLANG_WARN_CONSTANT_CONVERSION = YES;
				CLANG_WARN_DEPRECATED_OBJC_IMPLEMENTATIONS = YES;
				CLANG_WARN_DIRECT_OBJC_ISA_USAGE = YES_ERROR;
				CLANG_WARN_DOCUMENTATION_COMMENTS = YES;
				CLANG_WARN_EMPTY_BODY = YES;
				CLANG_WARN_ENUM_CONVERSION = YES;
				CLANG_WARN_INFINITE_RECURSION = YES;
				CLANG_WARN_INT_CONVERSION = YES;
				CLANG_WARN_NON_LITERAL_NULL_CONVERSION = YES;
				CLANG_WARN_OBJC_IMPLICIT_RETAIN_SELF = YES;
				CLANG_WARN_OBJC_LITERAL_CONVERSION = YES;
				CLANG_WARN_OBJC_ROOT_CLASS = YES_ERROR;
				CLANG_WARN_QUOTED_INCLUDE_IN_FRAMEWORK_HEADER = YES;
				CLANG_WARN_RANGE_LOOP_ANALYSIS = YES;
				CLANG_WARN_STRICT_PROTOTYPES = YES;
				CLANG_WARN_SUSPICIOUS_MOVE = YES;
				CLANG_WARN_UNGUARDED_AVAILABILITY = YES_AGGRESSIVE;
				CLANG_WARN_UNREACHABLE_CODE = YES;
				CLANG_WARN__DUPLICATE_METHOD_MATCH = YES;
				CODE_SIGN_STYLE = Automatic;
				COPY_PHASE_STRIP = NO;
				CURRENT_PROJECT_VERSION = 1;
				DEBUG_INFORMATION_FORMAT = dwarf;
				DEVELOPMENT_ASSET_PATHS = "\"Figo Alessandro Lehman-EBuddy Assignment/Preview Content\"";
				DEVELOPMENT_TEAM = JGSV4C4BP3;
				ENABLE_PREVIEWS = YES;
				ENABLE_STRICT_OBJC_MSGSEND = YES;
				ENABLE_TESTABILITY = YES;
				ENABLE_USER_SCRIPT_SANDBOXING = YES;
				GCC_C_LANGUAGE_STANDARD = gnu17;
				GCC_DYNAMIC_NO_PIC = NO;
				GCC_NO_COMMON_BLOCKS = YES;
				GCC_OPTIMIZATION_LEVEL = 0;
				GCC_PREPROCESSOR_DEFINITIONS = (
					"DEBUG=1",
					"$(inherited)",
				);
				GCC_WARN_64_TO_32_BIT_CONVERSION = YES;
				GCC_WARN_ABOUT_RETURN_TYPE = YES_ERROR;
				GCC_WARN_UNDECLARED_SELECTOR = YES;
				GCC_WARN_UNINITIALIZED_AUTOS = YES_AGGRESSIVE;
				GCC_WARN_UNUSED_FUNCTION = YES;
				GCC_WARN_UNUSED_VARIABLE = YES;
				GENERATE_INFOPLIST_FILE = YES;
				INFOPLIST_FILE = "Figo-Alessandro-Lehman-EBuddy-Assignment-Staging-Info.plist";
				INFOPLIST_KEY_UIApplicationSceneManifest_Generation = YES;
				INFOPLIST_KEY_UIApplicationSupportsIndirectInputEvents = YES;
				INFOPLIST_KEY_UILaunchScreen_Generation = YES;
				INFOPLIST_KEY_UISupportedInterfaceOrientations_iPad = "UIInterfaceOrientationPortrait UIInterfaceOrientationPortraitUpsideDown UIInterfaceOrientationLandscapeLeft UIInterfaceOrientationLandscapeRight";
				INFOPLIST_KEY_UISupportedInterfaceOrientations_iPhone = "UIInterfaceOrientationPortrait UIInterfaceOrientationLandscapeLeft UIInterfaceOrientationLandscapeRight";
				IPHONEOS_DEPLOYMENT_TARGET = 17.5;
				LD_RUNPATH_SEARCH_PATHS = (
					"$(inherited)",
					"@executable_path/Frameworks",
				);
				LOCALIZATION_PREFERS_STRING_CATALOGS = YES;
				MARKETING_VERSION = 1.0;
				MTL_ENABLE_DEBUG_INFO = INCLUDE_SOURCE;
				MTL_FAST_MATH = YES;
				ONLY_ACTIVE_ARCH = YES;
				PRODUCT_BUNDLE_IDENTIFIER = "Figo.Figo-Alessandro-Lehman-EBuddy-Assignment.staging";
				PRODUCT_NAME = "$(TARGET_NAME)";
				SDKROOT = iphoneos;
				SWIFT_ACTIVE_COMPILATION_CONDITIONS = "$(inherited) STAGING";
				SWIFT_EMIT_LOC_STRINGS = YES;
				SWIFT_OPTIMIZATION_LEVEL = "-Onone";
				SWIFT_VERSION = 5.0;
				TARGETED_DEVICE_FAMILY = "1,2";
			};
			name = Debug;
		};
		1B2DEAD62D1EAED10034C942 /* Release */ = {
			isa = XCBuildConfiguration;
			buildSettings = {
				ALWAYS_SEARCH_USER_PATHS = NO;
				ASSETCATALOG_COMPILER_APPICON_NAME = AppIcon;
				ASSETCATALOG_COMPILER_GENERATE_SWIFT_ASSET_SYMBOL_EXTENSIONS = YES;
				ASSETCATALOG_COMPILER_GLOBAL_ACCENT_COLOR_NAME = AccentColor;
				CLANG_ANALYZER_NONNULL = YES;
				CLANG_ANALYZER_NUMBER_OBJECT_CONVERSION = YES_AGGRESSIVE;
				CLANG_CXX_LANGUAGE_STANDARD = "gnu++20";
				CLANG_ENABLE_MODULES = YES;
				CLANG_ENABLE_OBJC_ARC = YES;
				CLANG_ENABLE_OBJC_WEAK = YES;
				CLANG_WARN_BLOCK_CAPTURE_AUTORELEASING = YES;
				CLANG_WARN_BOOL_CONVERSION = YES;
				CLANG_WARN_COMMA = YES;
				CLANG_WARN_CONSTANT_CONVERSION = YES;
				CLANG_WARN_DEPRECATED_OBJC_IMPLEMENTATIONS = YES;
				CLANG_WARN_DIRECT_OBJC_ISA_USAGE = YES_ERROR;
				CLANG_WARN_DOCUMENTATION_COMMENTS = YES;
				CLANG_WARN_EMPTY_BODY = YES;
				CLANG_WARN_ENUM_CONVERSION = YES;
				CLANG_WARN_INFINITE_RECURSION = YES;
				CLANG_WARN_INT_CONVERSION = YES;
				CLANG_WARN_NON_LITERAL_NULL_CONVERSION = YES;
				CLANG_WARN_OBJC_IMPLICIT_RETAIN_SELF = YES;
				CLANG_WARN_OBJC_LITERAL_CONVERSION = YES;
				CLANG_WARN_OBJC_ROOT_CLASS = YES_ERROR;
				CLANG_WARN_QUOTED_INCLUDE_IN_FRAMEWORK_HEADER = YES;
				CLANG_WARN_RANGE_LOOP_ANALYSIS = YES;
				CLANG_WARN_STRICT_PROTOTYPES = YES;
				CLANG_WARN_SUSPICIOUS_MOVE = YES;
				CLANG_WARN_UNGUARDED_AVAILABILITY = YES_AGGRESSIVE;
				CLANG_WARN_UNREACHABLE_CODE = YES;
				CLANG_WARN__DUPLICATE_METHOD_MATCH = YES;
				CODE_SIGN_STYLE = Automatic;
				COPY_PHASE_STRIP = NO;
				CURRENT_PROJECT_VERSION = 1;
				DEBUG_INFORMATION_FORMAT = "dwarf-with-dsym";
				DEVELOPMENT_ASSET_PATHS = "\"Figo Alessandro Lehman-EBuddy Assignment/Preview Content\"";
				DEVELOPMENT_TEAM = JGSV4C4BP3;
				ENABLE_NS_ASSERTIONS = NO;
				ENABLE_PREVIEWS = YES;
				ENABLE_STRICT_OBJC_MSGSEND = YES;
				ENABLE_USER_SCRIPT_SANDBOXING = YES;
				GCC_C_LANGUAGE_STANDARD = gnu17;
				GCC_NO_COMMON_BLOCKS = YES;
				GCC_WARN_64_TO_32_BIT_CONVERSION = YES;
				GCC_WARN_ABOUT_RETURN_TYPE = YES_ERROR;
				GCC_WARN_UNDECLARED_SELECTOR = YES;
				GCC_WARN_UNINITIALIZED_AUTOS = YES_AGGRESSIVE;
				GCC_WARN_UNUSED_FUNCTION = YES;
				GCC_WARN_UNUSED_VARIABLE = YES;
				GENERATE_INFOPLIST_FILE = YES;
				INFOPLIST_FILE = "Figo-Alessandro-Lehman-EBuddy-Assignment-Staging-Info.plist";
				INFOPLIST_KEY_UIApplicationSceneManifest_Generation = YES;
				INFOPLIST_KEY_UIApplicationSupportsIndirectInputEvents = YES;
				INFOPLIST_KEY_UILaunchScreen_Generation = YES;
				INFOPLIST_KEY_UISupportedInterfaceOrientations_iPad = "UIInterfaceOrientationPortrait UIInterfaceOrientationPortraitUpsideDown UIInterfaceOrientationLandscapeLeft UIInterfaceOrientationLandscapeRight";
				INFOPLIST_KEY_UISupportedInterfaceOrientations_iPhone = "UIInterfaceOrientationPortrait UIInterfaceOrientationLandscapeLeft UIInterfaceOrientationLandscapeRight";
				IPHONEOS_DEPLOYMENT_TARGET = 17.5;
				LD_RUNPATH_SEARCH_PATHS = (
					"$(inherited)",
					"@executable_path/Frameworks",
				);
				LOCALIZATION_PREFERS_STRING_CATALOGS = YES;
				MARKETING_VERSION = 1.0;
				MTL_ENABLE_DEBUG_INFO = NO;
				MTL_FAST_MATH = YES;
				PRODUCT_BUNDLE_IDENTIFIER = "Figo.Figo-Alessandro-Lehman-EBuddy-Assignment.staging";
				PRODUCT_NAME = "$(TARGET_NAME)";
				SDKROOT = iphoneos;
				SWIFT_ACTIVE_COMPILATION_CONDITIONS = STAGING;
				SWIFT_COMPILATION_MODE = wholemodule;
				SWIFT_EMIT_LOC_STRINGS = YES;
				SWIFT_VERSION = 5.0;
				TARGETED_DEVICE_FAMILY = "1,2";
				VALIDATE_PRODUCT = YES;
			};
			name = Release;
		};
		1B43B7192D1E76D300F671BB /* Debug */ = {
			isa = XCBuildConfiguration;
			buildSettings = {
				ALWAYS_SEARCH_USER_PATHS = NO;
				ASSETCATALOG_COMPILER_GENERATE_SWIFT_ASSET_SYMBOL_EXTENSIONS = YES;
				CLANG_ANALYZER_NONNULL = YES;
				CLANG_ANALYZER_NUMBER_OBJECT_CONVERSION = YES_AGGRESSIVE;
				CLANG_CXX_LANGUAGE_STANDARD = "gnu++20";
				CLANG_ENABLE_MODULES = YES;
				CLANG_ENABLE_OBJC_ARC = YES;
				CLANG_ENABLE_OBJC_WEAK = YES;
				CLANG_WARN_BLOCK_CAPTURE_AUTORELEASING = YES;
				CLANG_WARN_BOOL_CONVERSION = YES;
				CLANG_WARN_COMMA = YES;
				CLANG_WARN_CONSTANT_CONVERSION = YES;
				CLANG_WARN_DEPRECATED_OBJC_IMPLEMENTATIONS = YES;
				CLANG_WARN_DIRECT_OBJC_ISA_USAGE = YES_ERROR;
				CLANG_WARN_DOCUMENTATION_COMMENTS = YES;
				CLANG_WARN_EMPTY_BODY = YES;
				CLANG_WARN_ENUM_CONVERSION = YES;
				CLANG_WARN_INFINITE_RECURSION = YES;
				CLANG_WARN_INT_CONVERSION = YES;
				CLANG_WARN_NON_LITERAL_NULL_CONVERSION = YES;
				CLANG_WARN_OBJC_IMPLICIT_RETAIN_SELF = YES;
				CLANG_WARN_OBJC_LITERAL_CONVERSION = YES;
				CLANG_WARN_OBJC_ROOT_CLASS = YES_ERROR;
				CLANG_WARN_QUOTED_INCLUDE_IN_FRAMEWORK_HEADER = YES;
				CLANG_WARN_RANGE_LOOP_ANALYSIS = YES;
				CLANG_WARN_STRICT_PROTOTYPES = YES;
				CLANG_WARN_SUSPICIOUS_MOVE = YES;
				CLANG_WARN_UNGUARDED_AVAILABILITY = YES_AGGRESSIVE;
				CLANG_WARN_UNREACHABLE_CODE = YES;
				CLANG_WARN__DUPLICATE_METHOD_MATCH = YES;
				COPY_PHASE_STRIP = NO;
				DEBUG_INFORMATION_FORMAT = dwarf;
				ENABLE_STRICT_OBJC_MSGSEND = YES;
				ENABLE_TESTABILITY = YES;
				ENABLE_USER_SCRIPT_SANDBOXING = YES;
				GCC_C_LANGUAGE_STANDARD = gnu17;
				GCC_DYNAMIC_NO_PIC = NO;
				GCC_NO_COMMON_BLOCKS = YES;
				GCC_OPTIMIZATION_LEVEL = 0;
				GCC_PREPROCESSOR_DEFINITIONS = (
					"DEBUG=1",
					"$(inherited)",
				);
				GCC_WARN_64_TO_32_BIT_CONVERSION = YES;
				GCC_WARN_ABOUT_RETURN_TYPE = YES_ERROR;
				GCC_WARN_UNDECLARED_SELECTOR = YES;
				GCC_WARN_UNINITIALIZED_AUTOS = YES_AGGRESSIVE;
				GCC_WARN_UNUSED_FUNCTION = YES;
				GCC_WARN_UNUSED_VARIABLE = YES;
				IPHONEOS_DEPLOYMENT_TARGET = 17.5;
				LOCALIZATION_PREFERS_STRING_CATALOGS = YES;
				MTL_ENABLE_DEBUG_INFO = INCLUDE_SOURCE;
				MTL_FAST_MATH = YES;
				ONLY_ACTIVE_ARCH = YES;
				SDKROOT = iphoneos;
				SWIFT_ACTIVE_COMPILATION_CONDITIONS = DEBUG;
				SWIFT_OPTIMIZATION_LEVEL = "-Onone";
			};
			name = Debug;
		};
		1B43B71A2D1E76D300F671BB /* Release */ = {
			isa = XCBuildConfiguration;
			buildSettings = {
				ALWAYS_SEARCH_USER_PATHS = NO;
				ASSETCATALOG_COMPILER_GENERATE_SWIFT_ASSET_SYMBOL_EXTENSIONS = YES;
				CLANG_ANALYZER_NONNULL = YES;
				CLANG_ANALYZER_NUMBER_OBJECT_CONVERSION = YES_AGGRESSIVE;
				CLANG_CXX_LANGUAGE_STANDARD = "gnu++20";
				CLANG_ENABLE_MODULES = YES;
				CLANG_ENABLE_OBJC_ARC = YES;
				CLANG_ENABLE_OBJC_WEAK = YES;
				CLANG_WARN_BLOCK_CAPTURE_AUTORELEASING = YES;
				CLANG_WARN_BOOL_CONVERSION = YES;
				CLANG_WARN_COMMA = YES;
				CLANG_WARN_CONSTANT_CONVERSION = YES;
				CLANG_WARN_DEPRECATED_OBJC_IMPLEMENTATIONS = YES;
				CLANG_WARN_DIRECT_OBJC_ISA_USAGE = YES_ERROR;
				CLANG_WARN_DOCUMENTATION_COMMENTS = YES;
				CLANG_WARN_EMPTY_BODY = YES;
				CLANG_WARN_ENUM_CONVERSION = YES;
				CLANG_WARN_INFINITE_RECURSION = YES;
				CLANG_WARN_INT_CONVERSION = YES;
				CLANG_WARN_NON_LITERAL_NULL_CONVERSION = YES;
				CLANG_WARN_OBJC_IMPLICIT_RETAIN_SELF = YES;
				CLANG_WARN_OBJC_LITERAL_CONVERSION = YES;
				CLANG_WARN_OBJC_ROOT_CLASS = YES_ERROR;
				CLANG_WARN_QUOTED_INCLUDE_IN_FRAMEWORK_HEADER = YES;
				CLANG_WARN_RANGE_LOOP_ANALYSIS = YES;
				CLANG_WARN_STRICT_PROTOTYPES = YES;
				CLANG_WARN_SUSPICIOUS_MOVE = YES;
				CLANG_WARN_UNGUARDED_AVAILABILITY = YES_AGGRESSIVE;
				CLANG_WARN_UNREACHABLE_CODE = YES;
				CLANG_WARN__DUPLICATE_METHOD_MATCH = YES;
				COPY_PHASE_STRIP = NO;
				DEBUG_INFORMATION_FORMAT = "dwarf-with-dsym";
				ENABLE_NS_ASSERTIONS = NO;
				ENABLE_STRICT_OBJC_MSGSEND = YES;
				ENABLE_USER_SCRIPT_SANDBOXING = YES;
				GCC_C_LANGUAGE_STANDARD = gnu17;
				GCC_NO_COMMON_BLOCKS = YES;
				GCC_WARN_64_TO_32_BIT_CONVERSION = YES;
				GCC_WARN_ABOUT_RETURN_TYPE = YES_ERROR;
				GCC_WARN_UNDECLARED_SELECTOR = YES;
				GCC_WARN_UNINITIALIZED_AUTOS = YES_AGGRESSIVE;
				GCC_WARN_UNUSED_FUNCTION = YES;
				GCC_WARN_UNUSED_VARIABLE = YES;
				IPHONEOS_DEPLOYMENT_TARGET = 17.5;
				LOCALIZATION_PREFERS_STRING_CATALOGS = YES;
				MTL_ENABLE_DEBUG_INFO = NO;
				MTL_FAST_MATH = YES;
				SDKROOT = iphoneos;
				SWIFT_ACTIVE_COMPILATION_CONDITIONS = "";
				SWIFT_COMPILATION_MODE = wholemodule;
				VALIDATE_PRODUCT = YES;
			};
			name = Release;
		};
		1B43B71C2D1E76D300F671BB /* Debug */ = {
			isa = XCBuildConfiguration;
			buildSettings = {
				ASSETCATALOG_COMPILER_APPICON_NAME = AppIcon;
				ASSETCATALOG_COMPILER_GLOBAL_ACCENT_COLOR_NAME = AccentColor;
				CODE_SIGN_STYLE = Automatic;
				CURRENT_PROJECT_VERSION = 1;
				DEVELOPMENT_ASSET_PATHS = "\"Figo Alessandro Lehman-EBuddy Assignment/Preview Content\"";
				DEVELOPMENT_TEAM = JGSV4C4BP3;
				ENABLE_PREVIEWS = YES;
				GENERATE_INFOPLIST_FILE = YES;
				INFOPLIST_FILE = "Figo-Alessandro-Lehman-EBuddy-Assignment-Info.plist";
				INFOPLIST_KEY_UIApplicationSceneManifest_Generation = YES;
				INFOPLIST_KEY_UIApplicationSupportsIndirectInputEvents = YES;
				INFOPLIST_KEY_UILaunchScreen_Generation = YES;
				INFOPLIST_KEY_UISupportedInterfaceOrientations_iPad = "UIInterfaceOrientationPortrait UIInterfaceOrientationPortraitUpsideDown UIInterfaceOrientationLandscapeLeft UIInterfaceOrientationLandscapeRight";
				INFOPLIST_KEY_UISupportedInterfaceOrientations_iPhone = "UIInterfaceOrientationPortrait UIInterfaceOrientationLandscapeLeft UIInterfaceOrientationLandscapeRight";
				LD_RUNPATH_SEARCH_PATHS = (
					"$(inherited)",
					"@executable_path/Frameworks",
				);
				MARKETING_VERSION = 1.0;
				PRODUCT_BUNDLE_IDENTIFIER = "Figo.Figo-Alessandro-Lehman-EBuddy-Assignment";
				PRODUCT_NAME = "$(TARGET_NAME)";
				SWIFT_ACTIVE_COMPILATION_CONDITIONS = "$(inherited) PRODUCTION";
				SWIFT_EMIT_LOC_STRINGS = YES;
				SWIFT_VERSION = 5.0;
				TARGETED_DEVICE_FAMILY = "1,2";
			};
			name = Debug;
		};
		1B43B71D2D1E76D300F671BB /* Release */ = {
			isa = XCBuildConfiguration;
			buildSettings = {
				ASSETCATALOG_COMPILER_APPICON_NAME = AppIcon;
				ASSETCATALOG_COMPILER_GLOBAL_ACCENT_COLOR_NAME = AccentColor;
				CODE_SIGN_STYLE = Automatic;
				CURRENT_PROJECT_VERSION = 1;
				DEVELOPMENT_ASSET_PATHS = "\"Figo Alessandro Lehman-EBuddy Assignment/Preview Content\"";
				DEVELOPMENT_TEAM = JGSV4C4BP3;
				ENABLE_PREVIEWS = YES;
				GENERATE_INFOPLIST_FILE = YES;
				INFOPLIST_FILE = "Figo-Alessandro-Lehman-EBuddy-Assignment-Info.plist";
				INFOPLIST_KEY_UIApplicationSceneManifest_Generation = YES;
				INFOPLIST_KEY_UIApplicationSupportsIndirectInputEvents = YES;
				INFOPLIST_KEY_UILaunchScreen_Generation = YES;
				INFOPLIST_KEY_UISupportedInterfaceOrientations_iPad = "UIInterfaceOrientationPortrait UIInterfaceOrientationPortraitUpsideDown UIInterfaceOrientationLandscapeLeft UIInterfaceOrientationLandscapeRight";
				INFOPLIST_KEY_UISupportedInterfaceOrientations_iPhone = "UIInterfaceOrientationPortrait UIInterfaceOrientationLandscapeLeft UIInterfaceOrientationLandscapeRight";
				LD_RUNPATH_SEARCH_PATHS = (
					"$(inherited)",
					"@executable_path/Frameworks",
				);
				MARKETING_VERSION = 1.0;
				PRODUCT_BUNDLE_IDENTIFIER = "Figo.Figo-Alessandro-Lehman-EBuddy-Assignment";
				PRODUCT_NAME = "$(TARGET_NAME)";
				SWIFT_ACTIVE_COMPILATION_CONDITIONS = PRODUCTION;
				SWIFT_EMIT_LOC_STRINGS = YES;
				SWIFT_VERSION = 5.0;
				TARGETED_DEVICE_FAMILY = "1,2";
			};
			name = Release;
		};
		1BBD81912D1E9FDC00D24925 /* Debug */ = {
			isa = XCBuildConfiguration;
			buildSettings = {
				ALWAYS_SEARCH_USER_PATHS = NO;
				ASSETCATALOG_COMPILER_APPICON_NAME = AppIcon;
				ASSETCATALOG_COMPILER_GENERATE_SWIFT_ASSET_SYMBOL_EXTENSIONS = YES;
				ASSETCATALOG_COMPILER_GLOBAL_ACCENT_COLOR_NAME = AccentColor;
				CLANG_ANALYZER_NONNULL = YES;
				CLANG_ANALYZER_NUMBER_OBJECT_CONVERSION = YES_AGGRESSIVE;
				CLANG_CXX_LANGUAGE_STANDARD = "gnu++20";
				CLANG_ENABLE_MODULES = YES;
				CLANG_ENABLE_OBJC_ARC = YES;
				CLANG_ENABLE_OBJC_WEAK = YES;
				CLANG_WARN_BLOCK_CAPTURE_AUTORELEASING = YES;
				CLANG_WARN_BOOL_CONVERSION = YES;
				CLANG_WARN_COMMA = YES;
				CLANG_WARN_CONSTANT_CONVERSION = YES;
				CLANG_WARN_DEPRECATED_OBJC_IMPLEMENTATIONS = YES;
				CLANG_WARN_DIRECT_OBJC_ISA_USAGE = YES_ERROR;
				CLANG_WARN_DOCUMENTATION_COMMENTS = YES;
				CLANG_WARN_EMPTY_BODY = YES;
				CLANG_WARN_ENUM_CONVERSION = YES;
				CLANG_WARN_INFINITE_RECURSION = YES;
				CLANG_WARN_INT_CONVERSION = YES;
				CLANG_WARN_NON_LITERAL_NULL_CONVERSION = YES;
				CLANG_WARN_OBJC_IMPLICIT_RETAIN_SELF = YES;
				CLANG_WARN_OBJC_LITERAL_CONVERSION = YES;
				CLANG_WARN_OBJC_ROOT_CLASS = YES_ERROR;
				CLANG_WARN_QUOTED_INCLUDE_IN_FRAMEWORK_HEADER = YES;
				CLANG_WARN_RANGE_LOOP_ANALYSIS = YES;
				CLANG_WARN_STRICT_PROTOTYPES = YES;
				CLANG_WARN_SUSPICIOUS_MOVE = YES;
				CLANG_WARN_UNGUARDED_AVAILABILITY = YES_AGGRESSIVE;
				CLANG_WARN_UNREACHABLE_CODE = YES;
				CLANG_WARN__DUPLICATE_METHOD_MATCH = YES;
				CODE_SIGN_STYLE = Automatic;
				COPY_PHASE_STRIP = NO;
				CURRENT_PROJECT_VERSION = 1;
				DEBUG_INFORMATION_FORMAT = dwarf;
				DEVELOPMENT_ASSET_PATHS = "\"Figo Alessandro Lehman-EBuddy Assignment/Preview Content\"";
				DEVELOPMENT_TEAM = JGSV4C4BP3;
				ENABLE_PREVIEWS = YES;
				ENABLE_STRICT_OBJC_MSGSEND = YES;
				ENABLE_TESTABILITY = YES;
				ENABLE_USER_SCRIPT_SANDBOXING = YES;
				GCC_C_LANGUAGE_STANDARD = gnu17;
				GCC_DYNAMIC_NO_PIC = NO;
				GCC_NO_COMMON_BLOCKS = YES;
				GCC_OPTIMIZATION_LEVEL = 0;
				GCC_PREPROCESSOR_DEFINITIONS = (
					"DEBUG=1",
					"$(inherited)",
				);
				GCC_WARN_64_TO_32_BIT_CONVERSION = YES;
				GCC_WARN_ABOUT_RETURN_TYPE = YES_ERROR;
				GCC_WARN_UNDECLARED_SELECTOR = YES;
				GCC_WARN_UNINITIALIZED_AUTOS = YES_AGGRESSIVE;
				GCC_WARN_UNUSED_FUNCTION = YES;
				GCC_WARN_UNUSED_VARIABLE = YES;
				GENERATE_INFOPLIST_FILE = YES;
				INFOPLIST_FILE = "Figo-Alessandro-Lehman-EBuddy-Assignment-Development-Info.plist";
				INFOPLIST_KEY_UIApplicationSceneManifest_Generation = YES;
				INFOPLIST_KEY_UIApplicationSupportsIndirectInputEvents = YES;
				INFOPLIST_KEY_UILaunchScreen_Generation = YES;
				INFOPLIST_KEY_UISupportedInterfaceOrientations_iPad = "UIInterfaceOrientationPortrait UIInterfaceOrientationPortraitUpsideDown UIInterfaceOrientationLandscapeLeft UIInterfaceOrientationLandscapeRight";
				INFOPLIST_KEY_UISupportedInterfaceOrientations_iPhone = "UIInterfaceOrientationPortrait UIInterfaceOrientationLandscapeLeft UIInterfaceOrientationLandscapeRight";
				IPHONEOS_DEPLOYMENT_TARGET = 17.5;
				LD_RUNPATH_SEARCH_PATHS = (
					"$(inherited)",
					"@executable_path/Frameworks",
				);
				LOCALIZATION_PREFERS_STRING_CATALOGS = YES;
				MARKETING_VERSION = 1.0;
				MTL_ENABLE_DEBUG_INFO = INCLUDE_SOURCE;
				MTL_FAST_MATH = YES;
				ONLY_ACTIVE_ARCH = YES;
				PRODUCT_BUNDLE_IDENTIFIER = "Figo.Figo-Alessandro-Lehman-EBuddy-Assignment.dev";
				PRODUCT_NAME = "$(TARGET_NAME)";
				SDKROOT = iphoneos;
				SWIFT_ACTIVE_COMPILATION_CONDITIONS = "$(inherited) DEVELOPMENT";
				SWIFT_EMIT_LOC_STRINGS = YES;
				SWIFT_OPTIMIZATION_LEVEL = "-Onone";
				SWIFT_VERSION = 5.0;
				TARGETED_DEVICE_FAMILY = "1,2";
			};
			name = Debug;
		};
		1BBD81942D1E9FDC00D24925 /* Release */ = {
			isa = XCBuildConfiguration;
			buildSettings = {
				ALWAYS_SEARCH_USER_PATHS = NO;
				ASSETCATALOG_COMPILER_APPICON_NAME = AppIcon;
				ASSETCATALOG_COMPILER_GENERATE_SWIFT_ASSET_SYMBOL_EXTENSIONS = YES;
				ASSETCATALOG_COMPILER_GLOBAL_ACCENT_COLOR_NAME = AccentColor;
				CLANG_ANALYZER_NONNULL = YES;
				CLANG_ANALYZER_NUMBER_OBJECT_CONVERSION = YES_AGGRESSIVE;
				CLANG_CXX_LANGUAGE_STANDARD = "gnu++20";
				CLANG_ENABLE_MODULES = YES;
				CLANG_ENABLE_OBJC_ARC = YES;
				CLANG_ENABLE_OBJC_WEAK = YES;
				CLANG_WARN_BLOCK_CAPTURE_AUTORELEASING = YES;
				CLANG_WARN_BOOL_CONVERSION = YES;
				CLANG_WARN_COMMA = YES;
				CLANG_WARN_CONSTANT_CONVERSION = YES;
				CLANG_WARN_DEPRECATED_OBJC_IMPLEMENTATIONS = YES;
				CLANG_WARN_DIRECT_OBJC_ISA_USAGE = YES_ERROR;
				CLANG_WARN_DOCUMENTATION_COMMENTS = YES;
				CLANG_WARN_EMPTY_BODY = YES;
				CLANG_WARN_ENUM_CONVERSION = YES;
				CLANG_WARN_INFINITE_RECURSION = YES;
				CLANG_WARN_INT_CONVERSION = YES;
				CLANG_WARN_NON_LITERAL_NULL_CONVERSION = YES;
				CLANG_WARN_OBJC_IMPLICIT_RETAIN_SELF = YES;
				CLANG_WARN_OBJC_LITERAL_CONVERSION = YES;
				CLANG_WARN_OBJC_ROOT_CLASS = YES_ERROR;
				CLANG_WARN_QUOTED_INCLUDE_IN_FRAMEWORK_HEADER = YES;
				CLANG_WARN_RANGE_LOOP_ANALYSIS = YES;
				CLANG_WARN_STRICT_PROTOTYPES = YES;
				CLANG_WARN_SUSPICIOUS_MOVE = YES;
				CLANG_WARN_UNGUARDED_AVAILABILITY = YES_AGGRESSIVE;
				CLANG_WARN_UNREACHABLE_CODE = YES;
				CLANG_WARN__DUPLICATE_METHOD_MATCH = YES;
				CODE_SIGN_STYLE = Automatic;
				COPY_PHASE_STRIP = NO;
				CURRENT_PROJECT_VERSION = 1;
				DEBUG_INFORMATION_FORMAT = "dwarf-with-dsym";
				DEVELOPMENT_ASSET_PATHS = "\"Figo Alessandro Lehman-EBuddy Assignment/Preview Content\"";
				DEVELOPMENT_TEAM = JGSV4C4BP3;
				ENABLE_NS_ASSERTIONS = NO;
				ENABLE_PREVIEWS = YES;
				ENABLE_STRICT_OBJC_MSGSEND = YES;
				ENABLE_USER_SCRIPT_SANDBOXING = YES;
				GCC_C_LANGUAGE_STANDARD = gnu17;
				GCC_NO_COMMON_BLOCKS = YES;
				GCC_WARN_64_TO_32_BIT_CONVERSION = YES;
				GCC_WARN_ABOUT_RETURN_TYPE = YES_ERROR;
				GCC_WARN_UNDECLARED_SELECTOR = YES;
				GCC_WARN_UNINITIALIZED_AUTOS = YES_AGGRESSIVE;
				GCC_WARN_UNUSED_FUNCTION = YES;
				GCC_WARN_UNUSED_VARIABLE = YES;
				GENERATE_INFOPLIST_FILE = YES;
				INFOPLIST_FILE = "Figo-Alessandro-Lehman-EBuddy-Assignment-Development-Info.plist";
				INFOPLIST_KEY_UIApplicationSceneManifest_Generation = YES;
				INFOPLIST_KEY_UIApplicationSupportsIndirectInputEvents = YES;
				INFOPLIST_KEY_UILaunchScreen_Generation = YES;
				INFOPLIST_KEY_UISupportedInterfaceOrientations_iPad = "UIInterfaceOrientationPortrait UIInterfaceOrientationPortraitUpsideDown UIInterfaceOrientationLandscapeLeft UIInterfaceOrientationLandscapeRight";
				INFOPLIST_KEY_UISupportedInterfaceOrientations_iPhone = "UIInterfaceOrientationPortrait UIInterfaceOrientationLandscapeLeft UIInterfaceOrientationLandscapeRight";
				IPHONEOS_DEPLOYMENT_TARGET = 17.5;
				LD_RUNPATH_SEARCH_PATHS = (
					"$(inherited)",
					"@executable_path/Frameworks",
				);
				LOCALIZATION_PREFERS_STRING_CATALOGS = YES;
				MARKETING_VERSION = 1.0;
				MTL_ENABLE_DEBUG_INFO = NO;
				MTL_FAST_MATH = YES;
				PRODUCT_BUNDLE_IDENTIFIER = "Figo.Figo-Alessandro-Lehman-EBuddy-Assignment.dev";
				PRODUCT_NAME = "$(TARGET_NAME)";
				SDKROOT = iphoneos;
				SWIFT_ACTIVE_COMPILATION_CONDITIONS = DEVELOPMENT;
				SWIFT_COMPILATION_MODE = wholemodule;
				SWIFT_EMIT_LOC_STRINGS = YES;
				SWIFT_VERSION = 5.0;
				TARGETED_DEVICE_FAMILY = "1,2";
				VALIDATE_PRODUCT = YES;
			};
			name = Release;
		};
/* End XCBuildConfiguration section */

/* Begin XCConfigurationList section */
		1B2DEAD22D1EAED10034C942 /* Build configuration list for PBXNativeTarget "Figo-Alessandro-Lehman-EBuddy-Assignment-Staging" */ = {
			isa = XCConfigurationList;
			buildConfigurations = (
				1B2DEAD32D1EAED10034C942 /* Debug */,
				1B2DEAD62D1EAED10034C942 /* Release */,
			);
			defaultConfigurationIsVisible = 0;
			defaultConfigurationName = Release;
		};
		1B43B7082D1E76D200F671BB /* Build configuration list for PBXProject "Figo Alessandro Lehman-EBuddy Assignment" */ = {
			isa = XCConfigurationList;
			buildConfigurations = (
				1B43B7192D1E76D300F671BB /* Debug */,
				1B43B71A2D1E76D300F671BB /* Release */,
			);
			defaultConfigurationIsVisible = 0;
			defaultConfigurationName = Release;
		};
		1B43B71B2D1E76D300F671BB /* Build configuration list for PBXNativeTarget "Figo Alessandro Lehman-EBuddy Assignment" */ = {
			isa = XCConfigurationList;
			buildConfigurations = (
				1B43B71C2D1E76D300F671BB /* Debug */,
				1B43B71D2D1E76D300F671BB /* Release */,
			);
			defaultConfigurationIsVisible = 0;
			defaultConfigurationName = Release;
		};
		1BBD81902D1E9FDC00D24925 /* Build configuration list for PBXNativeTarget "Figo Alessandro Lehman-EBuddy Assignment-Development" */ = {
			isa = XCConfigurationList;
			buildConfigurations = (
				1BBD81912D1E9FDC00D24925 /* Debug */,
				1BBD81942D1E9FDC00D24925 /* Release */,
			);
			defaultConfigurationIsVisible = 0;
			defaultConfigurationName = Release;
		};
/* End XCConfigurationList section */

/* Begin XCRemoteSwiftPackageReference section */
		1B43B7262D1E794A00F671BB /* XCRemoteSwiftPackageReference "firebase-ios-sdk" */ = {
			isa = XCRemoteSwiftPackageReference;
			repositoryURL = "https://github.com/firebase/firebase-ios-sdk";
			requirement = {
				kind = upToNextMajorVersion;
				minimumVersion = 11.6.0;
			};
		};
/* End XCRemoteSwiftPackageReference section */

/* Begin XCSwiftPackageProductDependency section */
		1B2DEADF2D1EB03F0034C942 /* FirebaseCore */ = {
			isa = XCSwiftPackageProductDependency;
			package = 1B43B7262D1E794A00F671BB /* XCRemoteSwiftPackageReference "firebase-ios-sdk" */;
			productName = FirebaseCore;
		};
		1B2DEAE12D1EB0450034C942 /* FirebaseAuth */ = {
			isa = XCSwiftPackageProductDependency;
			package = 1B43B7262D1E794A00F671BB /* XCRemoteSwiftPackageReference "firebase-ios-sdk" */;
			productName = FirebaseAuth;
		};
		1B2DEAE32D1EB0490034C942 /* FirebaseFirestore */ = {
			isa = XCSwiftPackageProductDependency;
			package = 1B43B7262D1E794A00F671BB /* XCRemoteSwiftPackageReference "firebase-ios-sdk" */;
			productName = FirebaseFirestore;
		};
		1B2DEAE52D1EB04D0034C942 /* FirebaseStorage */ = {
			isa = XCSwiftPackageProductDependency;
			package = 1B43B7262D1E794A00F671BB /* XCRemoteSwiftPackageReference "firebase-ios-sdk" */;
			productName = FirebaseStorage;
		};
		1B43B7272D1E794B00F671BB /* FirebaseAuth */ = {
			isa = XCSwiftPackageProductDependency;
			package = 1B43B7262D1E794A00F671BB /* XCRemoteSwiftPackageReference "firebase-ios-sdk" */;
			productName = FirebaseAuth;
		};
		1B43B7292D1E794B00F671BB /* FirebaseFirestore */ = {
			isa = XCSwiftPackageProductDependency;
			package = 1B43B7262D1E794A00F671BB /* XCRemoteSwiftPackageReference "firebase-ios-sdk" */;
			productName = FirebaseFirestore;
		};
		1B43B72B2D1E794B00F671BB /* FirebaseStorage */ = {
			isa = XCSwiftPackageProductDependency;
			package = 1B43B7262D1E794A00F671BB /* XCRemoteSwiftPackageReference "firebase-ios-sdk" */;
			productName = FirebaseStorage;
		};
		1B43B72F2D1E7D4200F671BB /* FirebaseCore */ = {
			isa = XCSwiftPackageProductDependency;
			package = 1B43B7262D1E794A00F671BB /* XCRemoteSwiftPackageReference "firebase-ios-sdk" */;
			productName = FirebaseCore;
		};
		1B5696522D1EA8B100311782 /* FirebaseAuth */ = {
			isa = XCSwiftPackageProductDependency;
			package = 1B43B7262D1E794A00F671BB /* XCRemoteSwiftPackageReference "firebase-ios-sdk" */;
			productName = FirebaseAuth;
		};
		1B5696542D1EA8B600311782 /* FirebaseFirestore */ = {
			isa = XCSwiftPackageProductDependency;
			package = 1B43B7262D1E794A00F671BB /* XCRemoteSwiftPackageReference "firebase-ios-sdk" */;
			productName = FirebaseFirestore;
		};
		1B5696562D1EA8BC00311782 /* FirebaseStorage */ = {
			isa = XCSwiftPackageProductDependency;
			package = 1B43B7262D1E794A00F671BB /* XCRemoteSwiftPackageReference "firebase-ios-sdk" */;
			productName = FirebaseStorage;
		};
		1B5696582D1EA8C700311782 /* FirebaseCore */ = {
			isa = XCSwiftPackageProductDependency;
			package = 1B43B7262D1E794A00F671BB /* XCRemoteSwiftPackageReference "firebase-ios-sdk" */;
			productName = FirebaseCore;
		};
/* End XCSwiftPackageProductDependency section */
	};
	rootObject = 1B43B7052D1E76D200F671BB /* Project object */;
}
