// !$*UTF8*$!
{
	archiveVersion = 1;
	classes = {
	};
	objectVersion = 56;
	objects = {

/* Begin PBXBuildFile section */
		1B43B7112D1E76D200F671BB /* Figo_Alessandro_Lehman_EBuddy_AssignmentApp.swift in Sources */ = {isa = PBXBuildFile; fileRef = 1B43B7102D1E76D200F671BB /* Figo_Alessandro_Lehman_EBuddy_AssignmentApp.swift */; };
		1B43B7132D1E76D200F671BB /* ContentView.swift in Sources */ = {isa = PBXBuildFile; fileRef = 1B43B7122D1E76D200F671BB /* ContentView.swift */; };
		1B43B7152D1E76D300F671BB /* Assets.xcassets in Resources */ = {isa = PBXBuildFile; fileRef = 1B43B7142D1E76D300F671BB /* Assets.xcassets */; };
		1B43B7182D1E76D300F671BB /* Preview Assets.xcassets in Resources */ = {isa = PBXBuildFile; fileRef = 1B43B7172D1E76D300F671BB /* Preview Assets.xcassets */; };
		1B43B71F2D1E77A500F671BB /* GoogleService-Info.plist in Resources */ = {isa = PBXBuildFile; fileRef = 1B43B71E2D1E77A500F671BB /* GoogleService-Info.plist */; };
		1B43B7252D1E781C00F671BB /* AppDelegate.swift in Sources */ = {isa = PBXBuildFile; fileRef = 1B43B7242D1E781C00F671BB /* AppDelegate.swift */; };
		1B43B7282D1E794B00F671BB /* FirebaseAuth in Frameworks */ = {isa = PBXBuildFile; productRef = 1B43B7272D1E794B00F671BB /* FirebaseAuth */; };
		1B43B72A2D1E794B00F671BB /* FirebaseFirestore in Frameworks */ = {isa = PBXBuildFile; productRef = 1B43B7292D1E794B00F671BB /* FirebaseFirestore */; };
		1B43B72C2D1E794B00F671BB /* FirebaseStorage in Frameworks */ = {isa = PBXBuildFile; productRef = 1B43B72B2D1E794B00F671BB /* FirebaseStorage */; };
		1B43B7302D1E7D4200F671BB /* FirebaseCore in Frameworks */ = {isa = PBXBuildFile; productRef = 1B43B72F2D1E7D4200F671BB /* FirebaseCore */; };
/* End PBXBuildFile section */

/* Begin PBXFileReference section */
		1B43B70D2D1E76D200F671BB /* Figo Alessandro Lehman-EBuddy Assignment.app */ = {isa = PBXFileReference; explicitFileType = wrapper.application; includeInIndex = 0; path = "Figo Alessandro Lehman-EBuddy Assignment.app"; sourceTree = BUILT_PRODUCTS_DIR; };
		1B43B7102D1E76D200F671BB /* Figo_Alessandro_Lehman_EBuddy_AssignmentApp.swift */ = {isa = PBXFileReference; lastKnownFileType = sourcecode.swift; path = Figo_Alessandro_Lehman_EBuddy_AssignmentApp.swift; sourceTree = "<group>"; };
		1B43B7122D1E76D200F671BB /* ContentView.swift */ = {isa = PBXFileReference; lastKnownFileType = sourcecode.swift; path = ContentView.swift; sourceTree = "<group>"; };
		1B43B7142D1E76D300F671BB /* Assets.xcassets */ = {isa = PBXFileReference; lastKnownFileType = folder.assetcatalog; path = Assets.xcassets; sourceTree = "<group>"; };
		1B43B7172D1E76D300F671BB /* Preview Assets.xcassets */ = {isa = PBXFileReference; lastKnownFileType = folder.assetcatalog; path = "Preview Assets.xcassets"; sourceTree = "<group>"; };
		1B43B71E2D1E77A500F671BB /* GoogleService-Info.plist */ = {isa = PBXFileReference; fileEncoding = 4; lastKnownFileType = text.plist.xml; path = "GoogleService-Info.plist"; sourceTree = "<group>"; };
		1B43B7242D1E781C00F671BB /* AppDelegate.swift */ = {isa = PBXFileReference; lastKnownFileType = sourcecode.swift; path = AppDelegate.swift; sourceTree = "<group>"; };
/* End PBXFileReference section */

/* Begin PBXFrameworksBuildPhase section */
		1B43B70A2D1E76D200F671BB /* Frameworks */ = {
			isa = PBXFrameworksBuildPhase;
			buildActionMask = 2147483647;
			files = (
				1B43B7282D1E794B00F671BB /* FirebaseAuth in Frameworks */,
				1B43B72A2D1E794B00F671BB /* FirebaseFirestore in Frameworks */,
				1B43B7302D1E7D4200F671BB /* FirebaseCore in Frameworks */,
				1B43B72C2D1E794B00F671BB /* FirebaseStorage in Frameworks */,
			);
			runOnlyForDeploymentPostprocessing = 0;
		};
/* End PBXFrameworksBuildPhase section */

/* Begin PBXGroup section */
		1B43B7042D1E76D200F671BB = {
			isa = PBXGroup;
			children = (
				1B43B70F2D1E76D200F671BB /* Figo Alessandro Lehman-EBuddy Assignment */,
				1B43B70E2D1E76D200F671BB /* Products */,
				1B43B72E2D1E7D4200F671BB /* Frameworks */,
			);
			sourceTree = "<group>";
		};
		1B43B70E2D1E76D200F671BB /* Products */ = {
			isa = PBXGroup;
			children = (
				1B43B70D2D1E76D200F671BB /* Figo Alessandro Lehman-EBuddy Assignment.app */,
			);
			name = Products;
			sourceTree = "<group>";
		};
		1B43B70F2D1E76D200F671BB /* Figo Alessandro Lehman-EBuddy Assignment */ = {
			isa = PBXGroup;
			children = (
				1B43B72D2D1E7CA800F671BB /* Resources */,
				1B43B7232D1E781500F671BB /* Main */,
				1B43B7222D1E77F800F671BB /* Extensions */,
				1B43B7212D1E77F200F671BB /* Utils */,
				1B43B7202D1E77EE00F671BB /* Features */,
				1B43B7142D1E76D300F671BB /* Assets.xcassets */,
				1B43B7162D1E76D300F671BB /* Preview Content */,
			);
			path = "Figo Alessandro Lehman-EBuddy Assignment";
			sourceTree = "<group>";
		};
		1B43B7162D1E76D300F671BB /* Preview Content */ = {
			isa = PBXGroup;
			children = (
				1B43B7172D1E76D300F671BB /* Preview Assets.xcassets */,
			);
			path = "Preview Content";
			sourceTree = "<group>";
		};
		1B43B7202D1E77EE00F671BB /* Features */ = {
			isa = PBXGroup;
			children = (
				1B43B7122D1E76D200F671BB /* ContentView.swift */,
			);
			path = Features;
			sourceTree = "<group>";
		};
		1B43B7212D1E77F200F671BB /* Utils */ = {
			isa = PBXGroup;
			children = (
			);
			path = Utils;
			sourceTree = "<group>";
		};
		1B43B7222D1E77F800F671BB /* Extensions */ = {
			isa = PBXGroup;
			children = (
			);
			path = Extensions;
			sourceTree = "<group>";
		};
		1B43B7232D1E781500F671BB /* Main */ = {
			isa = PBXGroup;
			children = (
				1B43B7102D1E76D200F671BB /* Figo_Alessandro_Lehman_EBuddy_AssignmentApp.swift */,
				1B43B7242D1E781C00F671BB /* AppDelegate.swift */,
			);
			path = Main;
			sourceTree = "<group>";
		};
		1B43B72D2D1E7CA800F671BB /* Resources */ = {
			isa = PBXGroup;
			children = (
				1B43B7312D1E7F9200F671BB /* Plist */,
			);
			path = Resources;
			sourceTree = "<group>";
		};
		1B43B72E2D1E7D4200F671BB /* Frameworks */ = {
			isa = PBXGroup;
			children = (
			);
			name = Frameworks;
			sourceTree = "<group>";
		};
		1B43B7312D1E7F9200F671BB /* Plist */ = {
			isa = PBXGroup;
			children = (
				1B43B71E2D1E77A500F671BB /* GoogleService-Info.plist */,
			);
			path = Plist;
			sourceTree = "<group>";
		};
/* End PBXGroup section */

/* Begin PBXNativeTarget section */
		1B43B70C2D1E76D200F671BB /* Figo Alessandro Lehman-EBuddy Assignment */ = {
			isa = PBXNativeTarget;
			buildConfigurationList = 1B43B71B2D1E76D300F671BB /* Build configuration list for PBXNativeTarget "Figo Alessandro Lehman-EBuddy Assignment" */;
			buildPhases = (
				1B43B7092D1E76D200F671BB /* Sources */,
				1B43B70A2D1E76D200F671BB /* Frameworks */,
				1B43B70B2D1E76D200F671BB /* Resources */,
			);
			buildRules = (
			);
			dependencies = (
			);
			name = "Figo Alessandro Lehman-EBuddy Assignment";
			packageProductDependencies = (
				1B43B7272D1E794B00F671BB /* FirebaseAuth */,
				1B43B7292D1E794B00F671BB /* FirebaseFirestore */,
				1B43B72B2D1E794B00F671BB /* FirebaseStorage */,
				1B43B72F2D1E7D4200F671BB /* FirebaseCore */,
			);
			productName = "Figo Alessandro Lehman-EBuddy Assignment";
			productReference = 1B43B70D2D1E76D200F671BB /* Figo Alessandro Lehman-EBuddy Assignment.app */;
			productType = "com.apple.product-type.application";
		};
/* End PBXNativeTarget section */

/* Begin PBXProject section */
		1B43B7052D1E76D200F671BB /* Project object */ = {
			isa = PBXProject;
			attributes = {
				BuildIndependentTargetsInParallel = 1;
				LastSwiftUpdateCheck = 1540;
				LastUpgradeCheck = 1540;
				TargetAttributes = {
					1B43B70C2D1E76D200F671BB = {
						CreatedOnToolsVersion = 15.4;
					};
				};
			};
			buildConfigurationList = 1B43B7082D1E76D200F671BB /* Build configuration list for PBXProject "Figo Alessandro Lehman-EBuddy Assignment" */;
			compatibilityVersion = "Xcode 14.0";
			developmentRegion = en;
			hasScannedForEncodings = 0;
			knownRegions = (
				en,
				Base,
			);
			mainGroup = 1B43B7042D1E76D200F671BB;
			packageReferences = (
				1B43B7262D1E794A00F671BB /* XCRemoteSwiftPackageReference "firebase-ios-sdk" */,
			);
			productRefGroup = 1B43B70E2D1E76D200F671BB /* Products */;
			projectDirPath = "";
			projectRoot = "";
			targets = (
				1B43B70C2D1E76D200F671BB /* Figo Alessandro Lehman-EBuddy Assignment */,
			);
		};
/* End PBXProject section */

/* Begin PBXResourcesBuildPhase section */
		1B43B70B2D1E76D200F671BB /* Resources */ = {
			isa = PBXResourcesBuildPhase;
			buildActionMask = 2147483647;
			files = (
				1B43B7182D1E76D300F671BB /* Preview Assets.xcassets in Resources */,
				1B43B71F2D1E77A500F671BB /* GoogleService-Info.plist in Resources */,
				1B43B7152D1E76D300F671BB /* Assets.xcassets in Resources */,
			);
			runOnlyForDeploymentPostprocessing = 0;
		};
/* End PBXResourcesBuildPhase section */

/* Begin PBXSourcesBuildPhase section */
		1B43B7092D1E76D200F671BB /* Sources */ = {
			isa = PBXSourcesBuildPhase;
			buildActionMask = 2147483647;
			files = (
				1B43B7252D1E781C00F671BB /* AppDelegate.swift in Sources */,
				1B43B7132D1E76D200F671BB /* ContentView.swift in Sources */,
				1B43B7112D1E76D200F671BB /* Figo_Alessandro_Lehman_EBuddy_AssignmentApp.swift in Sources */,
			);
			runOnlyForDeploymentPostprocessing = 0;
		};
/* End PBXSourcesBuildPhase section */

/* Begin XCBuildConfiguration section */
		1B43B7192D1E76D300F671BB /* Debug */ = {
			isa = XCBuildConfiguration;
			buildSettings = {
				ALWAYS_SEARCH_USER_PATHS = NO;
				ASSETCATALOG_COMPILER_GENERATE_SWIFT_ASSET_SYMBOL_EXTENSIONS = YES;
				CLANG_ANALYZER_NONNULL = YES;
				CLANG_ANALYZER_NUMBER_OBJECT_CONVERSION = YES_AGGRESSIVE;
				CLANG_CXX_LANGUAGE_STANDARD = "gnu++20";
				CLANG_ENABLE_MODULES = YES;
				CLANG_ENABLE_OBJC_ARC = YES;
				CLANG_ENABLE_OBJC_WEAK = YES;
				CLANG_WARN_BLOCK_CAPTURE_AUTORELEASING = YES;
				CLANG_WARN_BOOL_CONVERSION = YES;
				CLANG_WARN_COMMA = YES;
				CLANG_WARN_CONSTANT_CONVERSION = YES;
				CLANG_WARN_DEPRECATED_OBJC_IMPLEMENTATIONS = YES;
				CLANG_WARN_DIRECT_OBJC_ISA_USAGE = YES_ERROR;
				CLANG_WARN_DOCUMENTATION_COMMENTS = YES;
				CLANG_WARN_EMPTY_BODY = YES;
				CLANG_WARN_ENUM_CONVERSION = YES;
				CLANG_WARN_INFINITE_RECURSION = YES;
				CLANG_WARN_INT_CONVERSION = YES;
				CLANG_WARN_NON_LITERAL_NULL_CONVERSION = YES;
				CLANG_WARN_OBJC_IMPLICIT_RETAIN_SELF = YES;
				CLANG_WARN_OBJC_LITERAL_CONVERSION = YES;
				CLANG_WARN_OBJC_ROOT_CLASS = YES_ERROR;
				CLANG_WARN_QUOTED_INCLUDE_IN_FRAMEWORK_HEADER = YES;
				CLANG_WARN_RANGE_LOOP_ANALYSIS = YES;
				CLANG_WARN_STRICT_PROTOTYPES = YES;
				CLANG_WARN_SUSPICIOUS_MOVE = YES;
				CLANG_WARN_UNGUARDED_AVAILABILITY = YES_AGGRESSIVE;
				CLANG_WARN_UNREACHABLE_CODE = YES;
				CLANG_WARN__DUPLICATE_METHOD_MATCH = YES;
				COPY_PHASE_STRIP = NO;
				DEBUG_INFORMATION_FORMAT = dwarf;
				ENABLE_STRICT_OBJC_MSGSEND = YES;
				ENABLE_TESTABILITY = YES;
				ENABLE_USER_SCRIPT_SANDBOXING = YES;
				GCC_C_LANGUAGE_STANDARD = gnu17;
				GCC_DYNAMIC_NO_PIC = NO;
				GCC_NO_COMMON_BLOCKS = YES;
				GCC_OPTIMIZATION_LEVEL = 0;
				GCC_PREPROCESSOR_DEFINITIONS = (
					"DEBUG=1",
					"$(inherited)",
				);
				GCC_WARN_64_TO_32_BIT_CONVERSION = YES;
				GCC_WARN_ABOUT_RETURN_TYPE = YES_ERROR;
				GCC_WARN_UNDECLARED_SELECTOR = YES;
				GCC_WARN_UNINITIALIZED_AUTOS = YES_AGGRESSIVE;
				GCC_WARN_UNUSED_FUNCTION = YES;
				GCC_WARN_UNUSED_VARIABLE = YES;
				IPHONEOS_DEPLOYMENT_TARGET = 17.5;
				LOCALIZATION_PREFERS_STRING_CATALOGS = YES;
				MTL_ENABLE_DEBUG_INFO = INCLUDE_SOURCE;
				MTL_FAST_MATH = YES;
				ONLY_ACTIVE_ARCH = YES;
				SDKROOT = iphoneos;
				SWIFT_ACTIVE_COMPILATION_CONDITIONS = "DEBUG $(inherited)";
				SWIFT_OPTIMIZATION_LEVEL = "-Onone";
			};
			name = Debug;
		};
		1B43B71A2D1E76D300F671BB /* Release */ = {
			isa = XCBuildConfiguration;
			buildSettings = {
				ALWAYS_SEARCH_USER_PATHS = NO;
				ASSETCATALOG_COMPILER_GENERATE_SWIFT_ASSET_SYMBOL_EXTENSIONS = YES;
				CLANG_ANALYZER_NONNULL = YES;
				CLANG_ANALYZER_NUMBER_OBJECT_CONVERSION = YES_AGGRESSIVE;
				CLANG_CXX_LANGUAGE_STANDARD = "gnu++20";
				CLANG_ENABLE_MODULES = YES;
				CLANG_ENABLE_OBJC_ARC = YES;
				CLANG_ENABLE_OBJC_WEAK = YES;
				CLANG_WARN_BLOCK_CAPTURE_AUTORELEASING = YES;
				CLANG_WARN_BOOL_CONVERSION = YES;
				CLANG_WARN_COMMA = YES;
				CLANG_WARN_CONSTANT_CONVERSION = YES;
				CLANG_WARN_DEPRECATED_OBJC_IMPLEMENTATIONS = YES;
				CLANG_WARN_DIRECT_OBJC_ISA_USAGE = YES_ERROR;
				CLANG_WARN_DOCUMENTATION_COMMENTS = YES;
				CLANG_WARN_EMPTY_BODY = YES;
				CLANG_WARN_ENUM_CONVERSION = YES;
				CLANG_WARN_INFINITE_RECURSION = YES;
				CLANG_WARN_INT_CONVERSION = YES;
				CLANG_WARN_NON_LITERAL_NULL_CONVERSION = YES;
				CLANG_WARN_OBJC_IMPLICIT_RETAIN_SELF = YES;
				CLANG_WARN_OBJC_LITERAL_CONVERSION = YES;
				CLANG_WARN_OBJC_ROOT_CLASS = YES_ERROR;
				CLANG_WARN_QUOTED_INCLUDE_IN_FRAMEWORK_HEADER = YES;
				CLANG_WARN_RANGE_LOOP_ANALYSIS = YES;
				CLANG_WARN_STRICT_PROTOTYPES = YES;
				CLANG_WARN_SUSPICIOUS_MOVE = YES;
				CLANG_WARN_UNGUARDED_AVAILABILITY = YES_AGGRESSIVE;
				CLANG_WARN_UNREACHABLE_CODE = YES;
				CLANG_WARN__DUPLICATE_METHOD_MATCH = YES;
				COPY_PHASE_STRIP = NO;
				DEBUG_INFORMATION_FORMAT = "dwarf-with-dsym";
				ENABLE_NS_ASSERTIONS = NO;
				ENABLE_STRICT_OBJC_MSGSEND = YES;
				ENABLE_USER_SCRIPT_SANDBOXING = YES;
				GCC_C_LANGUAGE_STANDARD = gnu17;
				GCC_NO_COMMON_BLOCKS = YES;
				GCC_WARN_64_TO_32_BIT_CONVERSION = YES;
				GCC_WARN_ABOUT_RETURN_TYPE = YES_ERROR;
				GCC_WARN_UNDECLARED_SELECTOR = YES;
				GCC_WARN_UNINITIALIZED_AUTOS = YES_AGGRESSIVE;
				GCC_WARN_UNUSED_FUNCTION = YES;
				GCC_WARN_UNUSED_VARIABLE = YES;
				IPHONEOS_DEPLOYMENT_TARGET = 17.5;
				LOCALIZATION_PREFERS_STRING_CATALOGS = YES;
				MTL_ENABLE_DEBUG_INFO = NO;
				MTL_FAST_MATH = YES;
				SDKROOT = iphoneos;
				SWIFT_COMPILATION_MODE = wholemodule;
				VALIDATE_PRODUCT = YES;
			};
			name = Release;
		};
		1B43B71C2D1E76D300F671BB /* Debug */ = {
			isa = XCBuildConfiguration;
			buildSettings = {
				ASSETCATALOG_COMPILER_APPICON_NAME = AppIcon;
				ASSETCATALOG_COMPILER_GLOBAL_ACCENT_COLOR_NAME = AccentColor;
				CODE_SIGN_STYLE = Automatic;
				CURRENT_PROJECT_VERSION = 1;
				DEVELOPMENT_ASSET_PATHS = "\"Figo Alessandro Lehman-EBuddy Assignment/Preview Content\"";
				DEVELOPMENT_TEAM = JGSV4C4BP3;
				ENABLE_PREVIEWS = YES;
				GENERATE_INFOPLIST_FILE = YES;
				INFOPLIST_KEY_UIApplicationSceneManifest_Generation = YES;
				INFOPLIST_KEY_UIApplicationSupportsIndirectInputEvents = YES;
				INFOPLIST_KEY_UILaunchScreen_Generation = YES;
				INFOPLIST_KEY_UISupportedInterfaceOrientations_iPad = "UIInterfaceOrientationPortrait UIInterfaceOrientationPortraitUpsideDown UIInterfaceOrientationLandscapeLeft UIInterfaceOrientationLandscapeRight";
				INFOPLIST_KEY_UISupportedInterfaceOrientations_iPhone = "UIInterfaceOrientationPortrait UIInterfaceOrientationLandscapeLeft UIInterfaceOrientationLandscapeRight";
				LD_RUNPATH_SEARCH_PATHS = (
					"$(inherited)",
					"@executable_path/Frameworks",
				);
				MARKETING_VERSION = 1.0;
				PRODUCT_BUNDLE_IDENTIFIER = "Figo.Figo-Alessandro-Lehman-EBuddy-Assignment";
				PRODUCT_NAME = "$(TARGET_NAME)";
				SWIFT_EMIT_LOC_STRINGS = YES;
				SWIFT_VERSION = 5.0;
				TARGETED_DEVICE_FAMILY = "1,2";
			};
			name = Debug;
		};
		1B43B71D2D1E76D300F671BB /* Release */ = {
			isa = XCBuildConfiguration;
			buildSettings = {
				ASSETCATALOG_COMPILER_APPICON_NAME = AppIcon;
				ASSETCATALOG_COMPILER_GLOBAL_ACCENT_COLOR_NAME = AccentColor;
				CODE_SIGN_STYLE = Automatic;
				CURRENT_PROJECT_VERSION = 1;
				DEVELOPMENT_ASSET_PATHS = "\"Figo Alessandro Lehman-EBuddy Assignment/Preview Content\"";
				DEVELOPMENT_TEAM = JGSV4C4BP3;
				ENABLE_PREVIEWS = YES;
				GENERATE_INFOPLIST_FILE = YES;
				INFOPLIST_KEY_UIApplicationSceneManifest_Generation = YES;
				INFOPLIST_KEY_UIApplicationSupportsIndirectInputEvents = YES;
				INFOPLIST_KEY_UILaunchScreen_Generation = YES;
				INFOPLIST_KEY_UISupportedInterfaceOrientations_iPad = "UIInterfaceOrientationPortrait UIInterfaceOrientationPortraitUpsideDown UIInterfaceOrientationLandscapeLeft UIInterfaceOrientationLandscapeRight";
				INFOPLIST_KEY_UISupportedInterfaceOrientations_iPhone = "UIInterfaceOrientationPortrait UIInterfaceOrientationLandscapeLeft UIInterfaceOrientationLandscapeRight";
				LD_RUNPATH_SEARCH_PATHS = (
					"$(inherited)",
					"@executable_path/Frameworks",
				);
				MARKETING_VERSION = 1.0;
				PRODUCT_BUNDLE_IDENTIFIER = "Figo.Figo-Alessandro-Lehman-EBuddy-Assignment";
				PRODUCT_NAME = "$(TARGET_NAME)";
				SWIFT_EMIT_LOC_STRINGS = YES;
				SWIFT_VERSION = 5.0;
				TARGETED_DEVICE_FAMILY = "1,2";
			};
			name = Release;
		};
/* End XCBuildConfiguration section */

/* Begin XCConfigurationList section */
		1B43B7082D1E76D200F671BB /* Build configuration list for PBXProject "Figo Alessandro Lehman-EBuddy Assignment" */ = {
			isa = XCConfigurationList;
			buildConfigurations = (
				1B43B7192D1E76D300F671BB /* Debug */,
				1B43B71A2D1E76D300F671BB /* Release */,
			);
			defaultConfigurationIsVisible = 0;
			defaultConfigurationName = Release;
		};
		1B43B71B2D1E76D300F671BB /* Build configuration list for PBXNativeTarget "Figo Alessandro Lehman-EBuddy Assignment" */ = {
			isa = XCConfigurationList;
			buildConfigurations = (
				1B43B71C2D1E76D300F671BB /* Debug */,
				1B43B71D2D1E76D300F671BB /* Release */,
			);
			defaultConfigurationIsVisible = 0;
			defaultConfigurationName = Release;
		};
/* End XCConfigurationList section */

/* Begin XCRemoteSwiftPackageReference section */
		1B43B7262D1E794A00F671BB /* XCRemoteSwiftPackageReference "firebase-ios-sdk" */ = {
			isa = XCRemoteSwiftPackageReference;
			repositoryURL = "https://github.com/firebase/firebase-ios-sdk";
			requirement = {
				kind = upToNextMajorVersion;
				minimumVersion = 11.6.0;
			};
		};
/* End XCRemoteSwiftPackageReference section */

/* Begin XCSwiftPackageProductDependency section */
		1B43B7272D1E794B00F671BB /* FirebaseAuth */ = {
			isa = XCSwiftPackageProductDependency;
			package = 1B43B7262D1E794A00F671BB /* XCRemoteSwiftPackageReference "firebase-ios-sdk" */;
			productName = FirebaseAuth;
		};
		1B43B7292D1E794B00F671BB /* FirebaseFirestore */ = {
			isa = XCSwiftPackageProductDependency;
			package = 1B43B7262D1E794A00F671BB /* XCRemoteSwiftPackageReference "firebase-ios-sdk" */;
			productName = FirebaseFirestore;
		};
		1B43B72B2D1E794B00F671BB /* FirebaseStorage */ = {
			isa = XCSwiftPackageProductDependency;
			package = 1B43B7262D1E794A00F671BB /* XCRemoteSwiftPackageReference "firebase-ios-sdk" */;
			productName = FirebaseStorage;
		};
		1B43B72F2D1E7D4200F671BB /* FirebaseCore */ = {
			isa = XCSwiftPackageProductDependency;
			package = 1B43B7262D1E794A00F671BB /* XCRemoteSwiftPackageReference "firebase-ios-sdk" */;
			productName = FirebaseCore;
		};
/* End XCSwiftPackageProductDependency section */
	};
	rootObject = 1B43B7052D1E76D200F671BB /* Project object */;
}
